PODS:
  - IDZSwiftCommonCrypto (0.10.0)
  - Nimble (7.0.3)
  - Quick (1.2.0)
  - SwiftLint (0.24.2)

DEPENDENCIES:
  - IDZSwiftCommonCrypto (~> 0.10.0)
  - Nimble
  - Quick
  - SwiftLint

SPEC CHECKSUMS:
  IDZSwiftCommonCrypto: 4eef2c46e262dfbcbc1fd76365e066336680ad7d
  Nimble: 7f5a9c447a33002645a071bddafbfb24ea70e0ac
  Quick: 58d203b1c5e27fff7229c4c1ae445ad7069a7a08
  SwiftLint: 2aa21b96c8d13396a051bc1cb659d2ce1e0075b0

PODFILE CHECKSUM: 2875898f11a9c2452871bbd21f1c464f402e875e

COCOAPODS: 1.4.0
