// !$*UTF8*$!
{
	archiveVersion = 1;
	classes = {
	};
	objectVersion = 52;
	objects = {

/* Begin PBXBuildFile section */
		0E7AC1C3201B6E8000BC3DF3 /* BundleVersionAdapter.swift in Sources */ = {isa = PBXBuildFile; fileRef = 0E7AC1C2201B6E8000BC3DF3 /* BundleVersionAdapter.swift */; };
		0E7AC1C5201B703B00BC3DF3 /* PostRequestCallableSpec.swift in Sources */ = {isa = PBXBuildFile; fileRef = 0E7AC1C4201B703B00BC3DF3 /* PostRequestCallableSpec.swift */; };
		0E7AC1C7201B707D00BC3DF3 /* VersionAdapterFake.swift in Sources */ = {isa = PBXBuildFile; fileRef = 0E7AC1C6201B707D00BC3DF3 /* VersionAdapterFake.swift */; };
		0E90F77B201A09230070C526 /* HttpCallableSpec.swift in Sources */ = {isa = PBXBuildFile; fileRef = 0E90F77A201A09230070C526 /* HttpCallableSpec.swift */; };
		0E90F77D201A15BF0070C526 /* UrlSessionAdapterFake.swift in Sources */ = {isa = PBXBuildFile; fileRef = 0E90F77C201A15BF0070C526 /* UrlSessionAdapterFake.swift */; };
		0E9D35B32021D7FE00DBA9C9 /* ExpiryValidation.swift in Sources */ = {isa = PBXBuildFile; fileRef = 0E9D35B22021D7FE00DBA9C9 /* ExpiryValidation.swift */; };
		0E9D35B52021E5DC00DBA9C9 /* ExpiryValidatorSpec.swift in Sources */ = {isa = PBXBuildFile; fileRef = 0E9D35B42021E5DC00DBA9C9 /* ExpiryValidatorSpec.swift */; };
		0E9D35B72023209E00DBA9C9 /* FullCardValidator.swift in Sources */ = {isa = PBXBuildFile; fileRef = 0E9D35B62023209E00DBA9C9 /* FullCardValidator.swift */; };
		0E9D35BB2023443C00DBA9C9 /* CardNumberValidator.swift in Sources */ = {isa = PBXBuildFile; fileRef = 0E9D35BA2023443C00DBA9C9 /* CardNumberValidator.swift */; };
		0E9D35BD20234BAF00DBA9C9 /* CardNumberValidatorSpec.swift in Sources */ = {isa = PBXBuildFile; fileRef = 0E9D35BC20234BAF00DBA9C9 /* CardNumberValidatorSpec.swift */; };
		0EAA37D41F18B8C20048F2E6 /* ExpirySpec.swift in Sources */ = {isa = PBXBuildFile; fileRef = 0EAA37D31F18B8C20048F2E6 /* ExpirySpec.swift */; };
		0EAA37D61F18E89D0048F2E6 /* CardSpec.swift in Sources */ = {isa = PBXBuildFile; fileRef = 0EAA37D51F18E89D0048F2E6 /* CardSpec.swift */; };
		0EE419C22024AE89008FA186 /* LuhnValidable.swift in Sources */ = {isa = PBXBuildFile; fileRef = 0EE419C12024AE89008FA186 /* LuhnValidable.swift */; };
		0EE419C42024C365008FA186 /* CardholderNameSpec.swift in Sources */ = {isa = PBXBuildFile; fileRef = 0EE419C32024C365008FA186 /* CardholderNameSpec.swift */; };
		7718AE83259DE38A007CBF61 /* OpenURLContextHandler.swift in Sources */ = {isa = PBXBuildFile; fileRef = 7718AE82259DE38A007CBF61 /* OpenURLContextHandler.swift */; };
		7718AE88259DE66F007CBF61 /* OpenURLContextHandlerSpec.swift in Sources */ = {isa = PBXBuildFile; fileRef = 7718AE87259DE66F007CBF61 /* OpenURLContextHandlerSpec.swift */; };
		7718AE8D259DE6F1007CBF61 /* OpenURLContextHandlerFake.swift in Sources */ = {isa = PBXBuildFile; fileRef = 7718AE8C259DE6F1007CBF61 /* OpenURLContextHandlerFake.swift */; };
		7718AE94259DE9AC007CBF61 /* OpenURLContextRegistration.swift in Sources */ = {isa = PBXBuildFile; fileRef = 7718AE93259DE9AC007CBF61 /* OpenURLContextRegistration.swift */; };
		7718AE97259DE9B0007CBF61 /* OpenURLContext.swift in Sources */ = {isa = PBXBuildFile; fileRef = 7718AE90259DE960007CBF61 /* OpenURLContext.swift */; };
		7718AEA0259DF2E8007CBF61 /* OperationContext.swift in Sources */ = {isa = PBXBuildFile; fileRef = 7718AE9F259DF2E8007CBF61 /* OperationContext.swift */; };
		7718AEAB259E007C007CBF61 /* SimpleOperationContext.swift in Sources */ = {isa = PBXBuildFile; fileRef = 7718AEAA259E007C007CBF61 /* SimpleOperationContext.swift */; };
		7718AEAE259E0091007CBF61 /* Init3DSOperationContext.swift in Sources */ = {isa = PBXBuildFile; fileRef = 7718AEAD259E0091007CBF61 /* Init3DSOperationContext.swift */; };
		7718AEB2259E010A007CBF61 /* OpenURLContextParser.swift in Sources */ = {isa = PBXBuildFile; fileRef = 7718AEB1259E010A007CBF61 /* OpenURLContextParser.swift */; };
		7718AEB6259E0164007CBF61 /* OpenURLContextParserSpec.swift in Sources */ = {isa = PBXBuildFile; fileRef = 7718AEB5259E0164007CBF61 /* OpenURLContextParserSpec.swift */; };
		7718AEB9259E05D2007CBF61 /* PresentStraalViewControllerCallableSpec.swift in Sources */ = {isa = PBXBuildFile; fileRef = 77DC743E235B5126002FC9D8 /* PresentStraalViewControllerCallableSpec.swift */; };
		7718AEBC259E08D1007CBF61 /* OpenURLContextRegistrationFake.swift in Sources */ = {isa = PBXBuildFile; fileRef = 7718AEBB259E08D1007CBF61 /* OpenURLContextRegistrationFake.swift */; };
		77283257235A3AAF00CB9BB6 /* ParseRedirectCallable.swift in Sources */ = {isa = PBXBuildFile; fileRef = 77283256235A3AAF00CB9BB6 /* ParseRedirectCallable.swift */; };
		7728326A235A43F900CB9BB6 /* Encrypted3DSOperationResponse.swift in Sources */ = {isa = PBXBuildFile; fileRef = 77283268235A43F900CB9BB6 /* Encrypted3DSOperationResponse.swift */; };
		7728326D235A440500CB9BB6 /* Init3DSOperation.swift in Sources */ = {isa = PBXBuildFile; fileRef = 7728326B235A440400CB9BB6 /* Init3DSOperation.swift */; };
		77283270235A440B00CB9BB6 /* ParseRedirectCallableSpec.swift in Sources */ = {isa = PBXBuildFile; fileRef = 7728326F235A440B00CB9BB6 /* ParseRedirectCallableSpec.swift */; };
		77283272235A47DA00CB9BB6 /* CacheValueCallable.swift in Sources */ = {isa = PBXBuildFile; fileRef = 77283271235A47DA00CB9BB6 /* CacheValueCallable.swift */; };
		77283274235A47EE00CB9BB6 /* CacheValueCallable.swift in Sources */ = {isa = PBXBuildFile; fileRef = 77283273235A47EE00CB9BB6 /* CacheValueCallable.swift */; };
		77283276235A497800CB9BB6 /* SimpleCallableSpy.swift in Sources */ = {isa = PBXBuildFile; fileRef = 77283275235A497800CB9BB6 /* SimpleCallableSpy.swift */; };
		77283278235A4CB200CB9BB6 /* MapCallable.swift in Sources */ = {isa = PBXBuildFile; fileRef = 77283277235A4CB200CB9BB6 /* MapCallable.swift */; };
		7728327A235A4CC700CB9BB6 /* MapCallableSpec.swift in Sources */ = {isa = PBXBuildFile; fileRef = 77283279235A4CC700CB9BB6 /* MapCallableSpec.swift */; };
		7728327C235A5E6800CB9BB6 /* Init3DSOperationSpec.swift in Sources */ = {isa = PBXBuildFile; fileRef = 7728327B235A5E6800CB9BB6 /* Init3DSOperationSpec.swift */; };
		77283283235AE5CE00CB9BB6 /* PresentStraalViewControllerCallable.swift in Sources */ = {isa = PBXBuildFile; fileRef = 77283282235AE5CE00CB9BB6 /* PresentStraalViewControllerCallable.swift */; };
		77283287235AE97F00CB9BB6 /* Init3DSURLs.swift in Sources */ = {isa = PBXBuildFile; fileRef = 77283286235AE97F00CB9BB6 /* Init3DSURLs.swift */; };
		77283289235AFF1D00CB9BB6 /* MergeCallable.swift in Sources */ = {isa = PBXBuildFile; fileRef = 77283288235AFF1D00CB9BB6 /* MergeCallable.swift */; };
		7728328B235AFF2700CB9BB6 /* MergeCallableSpec.swift in Sources */ = {isa = PBXBuildFile; fileRef = 7728328A235AFF2700CB9BB6 /* MergeCallableSpec.swift */; };
		774590B525AEF04F00588304 /* OperationContextContainer.swift in Sources */ = {isa = PBXBuildFile; fileRef = 774590B425AEF04F00588304 /* OperationContextContainer.swift */; };
		774590BC25AEF41C00588304 /* Configuration.swift in Sources */ = {isa = PBXBuildFile; fileRef = A30801B62018FD0000A1060A /* Configuration.swift */; };
		774590C125AEF51600588304 /* ReturnURLProvider.swift in Sources */ = {isa = PBXBuildFile; fileRef = 774590C025AEF51600588304 /* ReturnURLProvider.swift */; };
		774590C525AEF52400588304 /* ReturnURLProviderTests.swift in Sources */ = {isa = PBXBuildFile; fileRef = 774590C425AEF52400588304 /* ReturnURLProviderTests.swift */; };
		774590CA25AEF9B100588304 /* StraalTests.swift in Sources */ = {isa = PBXBuildFile; fileRef = 774590C925AEF9B100588304 /* StraalTests.swift */; };
		774590CD25AEFA6F00588304 /* OperationContextContainerFake.swift in Sources */ = {isa = PBXBuildFile; fileRef = 774590CC25AEFA6F00588304 /* OperationContextContainerFake.swift */; };
		7788010025BF5D360016F7EA /* HttpCallableFake.swift in Sources */ = {isa = PBXBuildFile; fileRef = 778800FF25BF5D360016F7EA /* HttpCallableFake.swift */; };
		77CED51F25B07D000085B30E /* IDZSwiftCommonCrypto in Frameworks */ = {isa = PBXBuildFile; productRef = 77CED51E25B07D000085B30E /* IDZSwiftCommonCrypto */; };
		77CED52325B07D340085B30E /* Quick in Frameworks */ = {isa = PBXBuildFile; productRef = 77CED52225B07D340085B30E /* Quick */; };
		77CED52725B07D510085B30E /* Nimble in Frameworks */ = {isa = PBXBuildFile; productRef = 77CED52625B07D510085B30E /* Nimble */; };
		77CF7C5D259CECB800C2E5CD /* SafariViewControllerSpy.swift in Sources */ = {isa = PBXBuildFile; fileRef = 77CF7C5C259CECB800C2E5CD /* SafariViewControllerSpy.swift */; };
		A3000E741D8BFD5400258B07 /* BackendUrlCreatorSpec.swift in Sources */ = {isa = PBXBuildFile; fileRef = A3000E6C1D8BFD5400258B07 /* BackendUrlCreatorSpec.swift */; };
		A308015F2018753500A1060A /* SimpleCallableSpec.swift in Sources */ = {isa = PBXBuildFile; fileRef = A308015E2018753500A1060A /* SimpleCallableSpec.swift */; };
		A3080161201878F500A1060A /* CryptKeyCallableSpec.swift in Sources */ = {isa = PBXBuildFile; fileRef = A3080160201878F500A1060A /* CryptKeyCallableSpec.swift */; };
		A308016520187C6500A1060A /* ParseResponseCallableSpec.swift in Sources */ = {isa = PBXBuildFile; fileRef = A308016420187C6500A1060A /* ParseResponseCallableSpec.swift */; };
		A30801BB2018FD0000A1060A /* AnyCallable.swift in Sources */ = {isa = PBXBuildFile; fileRef = A30801772018FD0000A1060A /* AnyCallable.swift */; };
		A30801BC2018FD0000A1060A /* Callable.swift in Sources */ = {isa = PBXBuildFile; fileRef = A30801782018FD0000A1060A /* Callable.swift */; };
		A30801BD2018FD0000A1060A /* CryptKeyResponseCallable.swift in Sources */ = {isa = PBXBuildFile; fileRef = A30801792018FD0000A1060A /* CryptKeyResponseCallable.swift */; };
		A30801BE2018FD0000A1060A /* EncodeCallable.swift in Sources */ = {isa = PBXBuildFile; fileRef = A308017A2018FD0000A1060A /* EncodeCallable.swift */; };
		A30801BF2018FD0000A1060A /* EncryptCallable.swift in Sources */ = {isa = PBXBuildFile; fileRef = A308017B2018FD0000A1060A /* EncryptCallable.swift */; };
		A30801C02018FD0000A1060A /* HttpCallable.swift in Sources */ = {isa = PBXBuildFile; fileRef = A308017C2018FD0000A1060A /* HttpCallable.swift */; };
		A30801C12018FD0000A1060A /* MapToJsonCallable.swift in Sources */ = {isa = PBXBuildFile; fileRef = A308017D2018FD0000A1060A /* MapToJsonCallable.swift */; };
		A30801C22018FD0000A1060A /* ParseErrorCallable.swift in Sources */ = {isa = PBXBuildFile; fileRef = A308017E2018FD0000A1060A /* ParseErrorCallable.swift */; };
		A30801C42018FD0000A1060A /* PostRequestCallable.swift in Sources */ = {isa = PBXBuildFile; fileRef = A30801802018FD0000A1060A /* PostRequestCallable.swift */; };
		A30801C52018FD0000A1060A /* SimpleCallable.swift in Sources */ = {isa = PBXBuildFile; fileRef = A30801812018FD0000A1060A /* SimpleCallable.swift */; };
		A30801C72018FD0000A1060A /* CreateCard.swift in Sources */ = {isa = PBXBuildFile; fileRef = A30801832018FD0000A1060A /* CreateCard.swift */; };
		A30801C82018FD0000A1060A /* CreateTransactionWithCard.swift in Sources */ = {isa = PBXBuildFile; fileRef = A30801842018FD0000A1060A /* CreateTransactionWithCard.swift */; };
		A30801C92018FD0000A1060A /* EncryptedOperation.swift in Sources */ = {isa = PBXBuildFile; fileRef = A30801852018FD0000A1060A /* EncryptedOperation.swift */; };
		A30801CA2018FD0000A1060A /* StraalOperation.swift in Sources */ = {isa = PBXBuildFile; fileRef = A30801862018FD0000A1060A /* StraalOperation.swift */; };
		A30801CB2018FD0100A1060A /* DateSource.swift in Sources */ = {isa = PBXBuildFile; fileRef = A30801882018FD0000A1060A /* DateSource.swift */; };
		A30801CC2018FD0100A1060A /* Collection+Extension.swift in Sources */ = {isa = PBXBuildFile; fileRef = A308018A2018FD0000A1060A /* Collection+Extension.swift */; };
		A30801CD2018FD0100A1060A /* String+Extension.swift in Sources */ = {isa = PBXBuildFile; fileRef = A308018B2018FD0000A1060A /* String+Extension.swift */; };
		A30801CF2018FD0100A1060A /* Card.swift in Sources */ = {isa = PBXBuildFile; fileRef = A308018F2018FD0000A1060A /* Card.swift */; };
		A30801D02018FD0100A1060A /* CardBrand.swift in Sources */ = {isa = PBXBuildFile; fileRef = A30801902018FD0000A1060A /* CardBrand.swift */; };
		A30801D12018FD0100A1060A /* AmericanExpress.swift in Sources */ = {isa = PBXBuildFile; fileRef = A30801922018FD0000A1060A /* AmericanExpress.swift */; };
		A30801D22018FD0100A1060A /* MasterCard.swift in Sources */ = {isa = PBXBuildFile; fileRef = A30801932018FD0000A1060A /* MasterCard.swift */; };
		A30801D32018FD0100A1060A /* Visa.swift in Sources */ = {isa = PBXBuildFile; fileRef = A30801942018FD0000A1060A /* Visa.swift */; };
		A30801D42018FD0100A1060A /* CardCVV.swift in Sources */ = {isa = PBXBuildFile; fileRef = A30801952018FD0000A1060A /* CardCVV.swift */; };
		A30801D52018FD0100A1060A /* CardholderName.swift in Sources */ = {isa = PBXBuildFile; fileRef = A30801962018FD0000A1060A /* CardholderName.swift */; };
		A30801D62018FD0100A1060A /* CardNumber.swift in Sources */ = {isa = PBXBuildFile; fileRef = A30801972018FD0000A1060A /* CardNumber.swift */; };
		A30801D72018FD0100A1060A /* CardsParser.swift in Sources */ = {isa = PBXBuildFile; fileRef = A30801982018FD0000A1060A /* CardsParser.swift */; };
		A30801D82018FD0100A1060A /* Expiry.swift in Sources */ = {isa = PBXBuildFile; fileRef = A30801992018FD0000A1060A /* Expiry.swift */; };
		A30801D92018FD0100A1060A /* CryptKeyPermission.swift in Sources */ = {isa = PBXBuildFile; fileRef = A308019A2018FD0000A1060A /* CryptKeyPermission.swift */; };
		A30801DC2018FD0100A1060A /* StraalError.swift in Sources */ = {isa = PBXBuildFile; fileRef = A308019E2018FD0000A1060A /* StraalError.swift */; };
		A30801DD2018FD0100A1060A /* Currency.swift in Sources */ = {isa = PBXBuildFile; fileRef = A30801A02018FD0000A1060A /* Currency.swift */; };
		A30801DE2018FD0100A1060A /* MoneyAmount.swift in Sources */ = {isa = PBXBuildFile; fileRef = A30801A12018FD0000A1060A /* MoneyAmount.swift */; };
		A30801DF2018FD0100A1060A /* Transaction.swift in Sources */ = {isa = PBXBuildFile; fileRef = A30801A22018FD0000A1060A /* Transaction.swift */; };
		A30801E12018FD0100A1060A /* Luhn.swift in Sources */ = {isa = PBXBuildFile; fileRef = A30801A52018FD0000A1060A /* Luhn.swift */; };
		A30801E22018FD0100A1060A /* ValidationResult.swift in Sources */ = {isa = PBXBuildFile; fileRef = A30801A62018FD0000A1060A /* ValidationResult.swift */; };
		A30801E32018FD0100A1060A /* UrlSession+Synchronous.swift in Sources */ = {isa = PBXBuildFile; fileRef = A30801A92018FD0000A1060A /* UrlSession+Synchronous.swift */; };
		A30801E42018FD0100A1060A /* UrlSessionAdapter.swift in Sources */ = {isa = PBXBuildFile; fileRef = A30801AA2018FD0000A1060A /* UrlSessionAdapter.swift */; };
		A30801E52018FD0100A1060A /* BackendEndpoint.swift in Sources */ = {isa = PBXBuildFile; fileRef = A30801AC2018FD0000A1060A /* BackendEndpoint.swift */; };
		A30801E62018FD0100A1060A /* Endpoint.swift in Sources */ = {isa = PBXBuildFile; fileRef = A30801AD2018FD0000A1060A /* Endpoint.swift */; };
		A30801E72018FD0100A1060A /* StraalEndpoint.swift in Sources */ = {isa = PBXBuildFile; fileRef = A30801AE2018FD0000A1060A /* StraalEndpoint.swift */; };
		A30801E82018FD0100A1060A /* EncryptedOperationResponse.swift in Sources */ = {isa = PBXBuildFile; fileRef = A30801B02018FD0000A1060A /* EncryptedOperationResponse.swift */; };
		A30801E92018FD0100A1060A /* StraalResponse.swift in Sources */ = {isa = PBXBuildFile; fileRef = A30801B12018FD0000A1060A /* StraalResponse.swift */; };
		A30801EA2018FD0100A1060A /* BackendUrlCreator.swift in Sources */ = {isa = PBXBuildFile; fileRef = A30801B32018FD0000A1060A /* BackendUrlCreator.swift */; };
		A30801EB2018FD0100A1060A /* StraalUrlCreator.swift in Sources */ = {isa = PBXBuildFile; fileRef = A30801B42018FD0000A1060A /* StraalUrlCreator.swift */; };
		A30801ED2018FD0100A1060A /* KeyParser.swift in Sources */ = {isa = PBXBuildFile; fileRef = A30801B82018FD0000A1060A /* KeyParser.swift */; };
		A30801EE2018FD0100A1060A /* StraalCryptor.swift in Sources */ = {isa = PBXBuildFile; fileRef = A30801B92018FD0000A1060A /* StraalCryptor.swift */; };
		A30801EF2018FD0100A1060A /* Straal.swift in Sources */ = {isa = PBXBuildFile; fileRef = A30801BA2018FD0000A1060A /* Straal.swift */; };
		A30801F12018FD2000A1060A /* UrlCreator.swift in Sources */ = {isa = PBXBuildFile; fileRef = A30801F02018FD2000A1060A /* UrlCreator.swift */; };
		A30801F32018FDED00A1060A /* DecodeCallable.swift in Sources */ = {isa = PBXBuildFile; fileRef = A30801F22018FDED00A1060A /* DecodeCallable.swift */; };
		A309CB101D997AAF00873639 /* LuhnSpec.swift in Sources */ = {isa = PBXBuildFile; fileRef = A309CB0F1D997AAF00873639 /* LuhnSpec.swift */; };
		A34AD01D1D9A5ACE00D13D09 /* DateSourceFake.swift in Sources */ = {isa = PBXBuildFile; fileRef = A34AD01C1D9A5ACE00D13D09 /* DateSourceFake.swift */; };
		A35C76D5201C915600E0004F /* CreateCardSpec.swift in Sources */ = {isa = PBXBuildFile; fileRef = A35C76D4201C915600E0004F /* CreateCardSpec.swift */; };
		A35C76D7201C916300E0004F /* CreateTransactionWithCardSpec.swift in Sources */ = {isa = PBXBuildFile; fileRef = A35C76D6201C916300E0004F /* CreateTransactionWithCardSpec.swift */; };
		A371E70A1D82FC6600D05B2F /* Straal.framework in Frameworks */ = {isa = PBXBuildFile; fileRef = A371E7001D82FC6600D05B2F /* Straal.framework */; };
		A371E7111D82FC6600D05B2F /* Straal.h in Headers */ = {isa = PBXBuildFile; fileRef = A371E7031D82FC6600D05B2F /* Straal.h */; settings = {ATTRIBUTES = (Public, ); }; };
		A371E71D1D82FD9F00D05B2F /* CryptorSpec.swift in Sources */ = {isa = PBXBuildFile; fileRef = A371E71B1D82FD9F00D05B2F /* CryptorSpec.swift */; };
		A371E71E1D82FD9F00D05B2F /* KeyParserTests.swift in Sources */ = {isa = PBXBuildFile; fileRef = A371E71C1D82FD9F00D05B2F /* KeyParserTests.swift */; };
		B4742A832020CE7C00EAD828 /* CVVValidator.swift in Sources */ = {isa = PBXBuildFile; fileRef = B4742A822020CE7C00EAD828 /* CVVValidator.swift */; };
		B4742A852020D5E300EAD828 /* CVVValidatorSpec.swift in Sources */ = {isa = PBXBuildFile; fileRef = B4742A842020D5E300EAD828 /* CVVValidatorSpec.swift */; };
		B4742A872021AEC500EAD828 /* CardholderNameValidator.swift in Sources */ = {isa = PBXBuildFile; fileRef = B4742A862021AEC500EAD828 /* CardholderNameValidator.swift */; };
		B4742A892021AF0E00EAD828 /* CardholderNameValidatorSpec.swift in Sources */ = {isa = PBXBuildFile; fileRef = B4742A882021AF0E00EAD828 /* CardholderNameValidatorSpec.swift */; };
		B4742A8B2021D96A00EAD828 /* Switch.swift in Sources */ = {isa = PBXBuildFile; fileRef = B4742A8A2021D96A00EAD828 /* Switch.swift */; };
		B4742A8F2021E21900EAD828 /* JCB.swift in Sources */ = {isa = PBXBuildFile; fileRef = B4742A8E2021E21900EAD828 /* JCB.swift */; };
		B4742A912021E32200EAD828 /* Bankcard.swift in Sources */ = {isa = PBXBuildFile; fileRef = B4742A902021E32200EAD828 /* Bankcard.swift */; };
		B4742A932021E5BB00EAD828 /* Diners.swift in Sources */ = {isa = PBXBuildFile; fileRef = B4742A922021E5BB00EAD828 /* Diners.swift */; };
		B4742A952021E6E900EAD828 /* Discover.swift in Sources */ = {isa = PBXBuildFile; fileRef = B4742A942021E6E900EAD828 /* Discover.swift */; };
		B4742A972021EAF400EAD828 /* CUP.swift in Sources */ = {isa = PBXBuildFile; fileRef = B4742A962021EAF400EAD828 /* CUP.swift */; };
		B4742A992021ED2F00EAD828 /* InterPayment.swift in Sources */ = {isa = PBXBuildFile; fileRef = B4742A982021ED2F00EAD828 /* InterPayment.swift */; };
		B4742A9B2021EF0100EAD828 /* InstaPayment.swift in Sources */ = {isa = PBXBuildFile; fileRef = B4742A9A2021EF0100EAD828 /* InstaPayment.swift */; };
		B4742A9F2021F03700EAD828 /* Laser.swift in Sources */ = {isa = PBXBuildFile; fileRef = B4742A9E2021F03700EAD828 /* Laser.swift */; };
		B4742AA12021F19B00EAD828 /* Dankort.swift in Sources */ = {isa = PBXBuildFile; fileRef = B4742AA02021F19B00EAD828 /* Dankort.swift */; };
		B4742AA32021F21000EAD828 /* Maestro.swift in Sources */ = {isa = PBXBuildFile; fileRef = B4742AA22021F21000EAD828 /* Maestro.swift */; };
		B4742AA52021FF5100EAD828 /* Solo.swift in Sources */ = {isa = PBXBuildFile; fileRef = B4742AA42021FF5100EAD828 /* Solo.swift */; };
		B4742AA72022006600EAD828 /* UATP.swift in Sources */ = {isa = PBXBuildFile; fileRef = B4742AA62022006600EAD828 /* UATP.swift */; };
		B4A6012120245CF700088A0E /* FullCardValidatorSpec.swift in Sources */ = {isa = PBXBuildFile; fileRef = B4A6012020245CF700088A0E /* FullCardValidatorSpec.swift */; };
		B4A6012320246FB300088A0E /* CardValidatorFake.swift in Sources */ = {isa = PBXBuildFile; fileRef = B4A6012220246FB300088A0E /* CardValidatorFake.swift */; };
		B4F4BCED2020A44D003C014C /* CardsParserSpec.swift in Sources */ = {isa = PBXBuildFile; fileRef = B4F4BCEC2020A44D003C014C /* CardsParserSpec.swift */; };
		B4F4BCEF2020B41E003C014C /* CardValidator.swift in Sources */ = {isa = PBXBuildFile; fileRef = B4F4BCEE2020B41E003C014C /* CardValidator.swift */; };
		B4F4BCF12020B90E003C014C /* VisaElectron.swift in Sources */ = {isa = PBXBuildFile; fileRef = B4F4BCF02020B90E003C014C /* VisaElectron.swift */; };
/* End PBXBuildFile section */

/* Begin PBXContainerItemProxy section */
		A371E70B1D82FC6600D05B2F /* PBXContainerItemProxy */ = {
			isa = PBXContainerItemProxy;
			containerPortal = A371E6F71D82FC6600D05B2F /* Project object */;
			proxyType = 1;
			remoteGlobalIDString = A371E6FF1D82FC6600D05B2F;
			remoteInfo = Straal;
		};
/* End PBXContainerItemProxy section */

/* Begin PBXCopyFilesBuildPhase section */
		77283263235A42CA00CB9BB6 /* Copy Frameworks */ = {
			isa = PBXCopyFilesBuildPhase;
			buildActionMask = 2147483647;
			dstPath = "";
			dstSubfolderSpec = 10;
			files = (
			);
			name = "Copy Frameworks";
			runOnlyForDeploymentPostprocessing = 0;
		};
/* End PBXCopyFilesBuildPhase section */

/* Begin PBXFileReference section */
		0E7AC1C2201B6E8000BC3DF3 /* BundleVersionAdapter.swift */ = {isa = PBXFileReference; lastKnownFileType = sourcecode.swift; path = BundleVersionAdapter.swift; sourceTree = "<group>"; };
		0E7AC1C4201B703B00BC3DF3 /* PostRequestCallableSpec.swift */ = {isa = PBXFileReference; lastKnownFileType = sourcecode.swift; path = PostRequestCallableSpec.swift; sourceTree = "<group>"; };
		0E7AC1C6201B707D00BC3DF3 /* VersionAdapterFake.swift */ = {isa = PBXFileReference; lastKnownFileType = sourcecode.swift; path = VersionAdapterFake.swift; sourceTree = "<group>"; };
		0E90F77A201A09230070C526 /* HttpCallableSpec.swift */ = {isa = PBXFileReference; lastKnownFileType = sourcecode.swift; path = HttpCallableSpec.swift; sourceTree = "<group>"; };
		0E90F77C201A15BF0070C526 /* UrlSessionAdapterFake.swift */ = {isa = PBXFileReference; lastKnownFileType = sourcecode.swift; path = UrlSessionAdapterFake.swift; sourceTree = "<group>"; };
		0E9D35B22021D7FE00DBA9C9 /* ExpiryValidation.swift */ = {isa = PBXFileReference; lastKnownFileType = sourcecode.swift; path = ExpiryValidation.swift; sourceTree = "<group>"; };
		0E9D35B42021E5DC00DBA9C9 /* ExpiryValidatorSpec.swift */ = {isa = PBXFileReference; lastKnownFileType = sourcecode.swift; path = ExpiryValidatorSpec.swift; sourceTree = "<group>"; };
		0E9D35B62023209E00DBA9C9 /* FullCardValidator.swift */ = {isa = PBXFileReference; lastKnownFileType = sourcecode.swift; path = FullCardValidator.swift; sourceTree = "<group>"; };
		0E9D35BA2023443C00DBA9C9 /* CardNumberValidator.swift */ = {isa = PBXFileReference; lastKnownFileType = sourcecode.swift; path = CardNumberValidator.swift; sourceTree = "<group>"; };
		0E9D35BC20234BAF00DBA9C9 /* CardNumberValidatorSpec.swift */ = {isa = PBXFileReference; lastKnownFileType = sourcecode.swift; path = CardNumberValidatorSpec.swift; sourceTree = "<group>"; };
		0EAA37D31F18B8C20048F2E6 /* ExpirySpec.swift */ = {isa = PBXFileReference; fileEncoding = 4; lastKnownFileType = sourcecode.swift; lineEnding = 0; path = ExpirySpec.swift; sourceTree = "<group>"; xcLanguageSpecificationIdentifier = xcode.lang.swift; };
		0EAA37D51F18E89D0048F2E6 /* CardSpec.swift */ = {isa = PBXFileReference; fileEncoding = 4; lastKnownFileType = sourcecode.swift; lineEnding = 0; path = CardSpec.swift; sourceTree = "<group>"; xcLanguageSpecificationIdentifier = xcode.lang.swift; };
		0EE419C12024AE89008FA186 /* LuhnValidable.swift */ = {isa = PBXFileReference; lastKnownFileType = sourcecode.swift; path = LuhnValidable.swift; sourceTree = "<group>"; };
		0EE419C32024C365008FA186 /* CardholderNameSpec.swift */ = {isa = PBXFileReference; lastKnownFileType = sourcecode.swift; path = CardholderNameSpec.swift; sourceTree = "<group>"; };
		7718AE82259DE38A007CBF61 /* OpenURLContextHandler.swift */ = {isa = PBXFileReference; lastKnownFileType = sourcecode.swift; path = OpenURLContextHandler.swift; sourceTree = "<group>"; };
		7718AE87259DE66F007CBF61 /* OpenURLContextHandlerSpec.swift */ = {isa = PBXFileReference; lastKnownFileType = sourcecode.swift; path = OpenURLContextHandlerSpec.swift; sourceTree = "<group>"; };
		7718AE8C259DE6F1007CBF61 /* OpenURLContextHandlerFake.swift */ = {isa = PBXFileReference; lastKnownFileType = sourcecode.swift; path = OpenURLContextHandlerFake.swift; sourceTree = "<group>"; };
		7718AE90259DE960007CBF61 /* OpenURLContext.swift */ = {isa = PBXFileReference; lastKnownFileType = sourcecode.swift; path = OpenURLContext.swift; sourceTree = "<group>"; };
		7718AE93259DE9AC007CBF61 /* OpenURLContextRegistration.swift */ = {isa = PBXFileReference; lastKnownFileType = sourcecode.swift; path = OpenURLContextRegistration.swift; sourceTree = "<group>"; };
		7718AE9F259DF2E8007CBF61 /* OperationContext.swift */ = {isa = PBXFileReference; lastKnownFileType = sourcecode.swift; path = OperationContext.swift; sourceTree = "<group>"; };
		7718AEAA259E007C007CBF61 /* SimpleOperationContext.swift */ = {isa = PBXFileReference; lastKnownFileType = sourcecode.swift; path = SimpleOperationContext.swift; sourceTree = "<group>"; };
		7718AEAD259E0091007CBF61 /* Init3DSOperationContext.swift */ = {isa = PBXFileReference; lastKnownFileType = sourcecode.swift; path = Init3DSOperationContext.swift; sourceTree = "<group>"; };
		7718AEB1259E010A007CBF61 /* OpenURLContextParser.swift */ = {isa = PBXFileReference; lastKnownFileType = sourcecode.swift; path = OpenURLContextParser.swift; sourceTree = "<group>"; };
		7718AEB5259E0164007CBF61 /* OpenURLContextParserSpec.swift */ = {isa = PBXFileReference; lastKnownFileType = sourcecode.swift; path = OpenURLContextParserSpec.swift; sourceTree = "<group>"; };
		7718AEBB259E08D1007CBF61 /* OpenURLContextRegistrationFake.swift */ = {isa = PBXFileReference; lastKnownFileType = sourcecode.swift; path = OpenURLContextRegistrationFake.swift; sourceTree = "<group>"; };
		77283256235A3AAF00CB9BB6 /* ParseRedirectCallable.swift */ = {isa = PBXFileReference; lastKnownFileType = sourcecode.swift; path = ParseRedirectCallable.swift; sourceTree = "<group>"; };
		77283268235A43F900CB9BB6 /* Encrypted3DSOperationResponse.swift */ = {isa = PBXFileReference; fileEncoding = 4; lastKnownFileType = sourcecode.swift; path = Encrypted3DSOperationResponse.swift; sourceTree = "<group>"; };
		7728326B235A440400CB9BB6 /* Init3DSOperation.swift */ = {isa = PBXFileReference; fileEncoding = 4; lastKnownFileType = sourcecode.swift; path = Init3DSOperation.swift; sourceTree = "<group>"; };
		7728326F235A440B00CB9BB6 /* ParseRedirectCallableSpec.swift */ = {isa = PBXFileReference; fileEncoding = 4; lastKnownFileType = sourcecode.swift; path = ParseRedirectCallableSpec.swift; sourceTree = "<group>"; };
		77283271235A47DA00CB9BB6 /* CacheValueCallable.swift */ = {isa = PBXFileReference; lastKnownFileType = sourcecode.swift; path = CacheValueCallable.swift; sourceTree = "<group>"; };
		77283273235A47EE00CB9BB6 /* CacheValueCallable.swift */ = {isa = PBXFileReference; lastKnownFileType = sourcecode.swift; path = CacheValueCallable.swift; sourceTree = "<group>"; };
		77283275235A497800CB9BB6 /* SimpleCallableSpy.swift */ = {isa = PBXFileReference; lastKnownFileType = sourcecode.swift; path = SimpleCallableSpy.swift; sourceTree = "<group>"; };
		77283277235A4CB200CB9BB6 /* MapCallable.swift */ = {isa = PBXFileReference; lastKnownFileType = sourcecode.swift; path = MapCallable.swift; sourceTree = "<group>"; };
		77283279235A4CC700CB9BB6 /* MapCallableSpec.swift */ = {isa = PBXFileReference; lastKnownFileType = sourcecode.swift; path = MapCallableSpec.swift; sourceTree = "<group>"; };
		7728327B235A5E6800CB9BB6 /* Init3DSOperationSpec.swift */ = {isa = PBXFileReference; lastKnownFileType = sourcecode.swift; path = Init3DSOperationSpec.swift; sourceTree = "<group>"; };
		77283282235AE5CE00CB9BB6 /* PresentStraalViewControllerCallable.swift */ = {isa = PBXFileReference; lastKnownFileType = sourcecode.swift; path = PresentStraalViewControllerCallable.swift; sourceTree = "<group>"; };
		77283286235AE97F00CB9BB6 /* Init3DSURLs.swift */ = {isa = PBXFileReference; lastKnownFileType = sourcecode.swift; path = Init3DSURLs.swift; sourceTree = "<group>"; };
		77283288235AFF1D00CB9BB6 /* MergeCallable.swift */ = {isa = PBXFileReference; lastKnownFileType = sourcecode.swift; path = MergeCallable.swift; sourceTree = "<group>"; };
		7728328A235AFF2700CB9BB6 /* MergeCallableSpec.swift */ = {isa = PBXFileReference; lastKnownFileType = sourcecode.swift; path = MergeCallableSpec.swift; sourceTree = "<group>"; };
		774590B425AEF04F00588304 /* OperationContextContainer.swift */ = {isa = PBXFileReference; lastKnownFileType = sourcecode.swift; path = OperationContextContainer.swift; sourceTree = "<group>"; };
		774590C025AEF51600588304 /* ReturnURLProvider.swift */ = {isa = PBXFileReference; fileEncoding = 4; lastKnownFileType = sourcecode.swift; path = ReturnURLProvider.swift; sourceTree = "<group>"; };
		774590C425AEF52400588304 /* ReturnURLProviderTests.swift */ = {isa = PBXFileReference; fileEncoding = 4; lastKnownFileType = sourcecode.swift; path = ReturnURLProviderTests.swift; sourceTree = "<group>"; };
		774590C925AEF9B100588304 /* StraalTests.swift */ = {isa = PBXFileReference; lastKnownFileType = sourcecode.swift; path = StraalTests.swift; sourceTree = "<group>"; };
		774590CC25AEFA6F00588304 /* OperationContextContainerFake.swift */ = {isa = PBXFileReference; lastKnownFileType = sourcecode.swift; path = OperationContextContainerFake.swift; sourceTree = "<group>"; };
		778800FF25BF5D360016F7EA /* HttpCallableFake.swift */ = {isa = PBXFileReference; lastKnownFileType = sourcecode.swift; path = HttpCallableFake.swift; sourceTree = "<group>"; };
		77CF7C15259CD4F300C2E5CD /* Info-tests.plist */ = {isa = PBXFileReference; lastKnownFileType = text.plist.xml; path = "Info-tests.plist"; sourceTree = "<group>"; };
		77CF7C5C259CECB800C2E5CD /* SafariViewControllerSpy.swift */ = {isa = PBXFileReference; lastKnownFileType = sourcecode.swift; path = SafariViewControllerSpy.swift; sourceTree = "<group>"; };
		77DC743E235B5126002FC9D8 /* PresentStraalViewControllerCallableSpec.swift */ = {isa = PBXFileReference; lastKnownFileType = sourcecode.swift; path = PresentStraalViewControllerCallableSpec.swift; sourceTree = "<group>"; };
		A3000E6C1D8BFD5400258B07 /* BackendUrlCreatorSpec.swift */ = {isa = PBXFileReference; fileEncoding = 4; lastKnownFileType = sourcecode.swift; path = BackendUrlCreatorSpec.swift; sourceTree = "<group>"; };
		A308015E2018753500A1060A /* SimpleCallableSpec.swift */ = {isa = PBXFileReference; lastKnownFileType = sourcecode.swift; path = SimpleCallableSpec.swift; sourceTree = "<group>"; };
		A3080160201878F500A1060A /* CryptKeyCallableSpec.swift */ = {isa = PBXFileReference; lastKnownFileType = sourcecode.swift; path = CryptKeyCallableSpec.swift; sourceTree = "<group>"; };
		A308016420187C6500A1060A /* ParseResponseCallableSpec.swift */ = {isa = PBXFileReference; lastKnownFileType = sourcecode.swift; path = ParseResponseCallableSpec.swift; sourceTree = "<group>"; };
		A30801772018FD0000A1060A /* AnyCallable.swift */ = {isa = PBXFileReference; fileEncoding = 4; lastKnownFileType = sourcecode.swift; path = AnyCallable.swift; sourceTree = "<group>"; };
		A30801782018FD0000A1060A /* Callable.swift */ = {isa = PBXFileReference; fileEncoding = 4; lastKnownFileType = sourcecode.swift; path = Callable.swift; sourceTree = "<group>"; };
		A30801792018FD0000A1060A /* CryptKeyResponseCallable.swift */ = {isa = PBXFileReference; fileEncoding = 4; lastKnownFileType = sourcecode.swift; path = CryptKeyResponseCallable.swift; sourceTree = "<group>"; };
		A308017A2018FD0000A1060A /* EncodeCallable.swift */ = {isa = PBXFileReference; fileEncoding = 4; lastKnownFileType = sourcecode.swift; path = EncodeCallable.swift; sourceTree = "<group>"; };
		A308017B2018FD0000A1060A /* EncryptCallable.swift */ = {isa = PBXFileReference; fileEncoding = 4; lastKnownFileType = sourcecode.swift; path = EncryptCallable.swift; sourceTree = "<group>"; };
		A308017C2018FD0000A1060A /* HttpCallable.swift */ = {isa = PBXFileReference; fileEncoding = 4; lastKnownFileType = sourcecode.swift; path = HttpCallable.swift; sourceTree = "<group>"; };
		A308017D2018FD0000A1060A /* MapToJsonCallable.swift */ = {isa = PBXFileReference; fileEncoding = 4; lastKnownFileType = sourcecode.swift; path = MapToJsonCallable.swift; sourceTree = "<group>"; };
		A308017E2018FD0000A1060A /* ParseErrorCallable.swift */ = {isa = PBXFileReference; fileEncoding = 4; lastKnownFileType = sourcecode.swift; path = ParseErrorCallable.swift; sourceTree = "<group>"; };
		A30801802018FD0000A1060A /* PostRequestCallable.swift */ = {isa = PBXFileReference; fileEncoding = 4; lastKnownFileType = sourcecode.swift; path = PostRequestCallable.swift; sourceTree = "<group>"; };
		A30801812018FD0000A1060A /* SimpleCallable.swift */ = {isa = PBXFileReference; fileEncoding = 4; lastKnownFileType = sourcecode.swift; path = SimpleCallable.swift; sourceTree = "<group>"; };
		A30801832018FD0000A1060A /* CreateCard.swift */ = {isa = PBXFileReference; fileEncoding = 4; lastKnownFileType = sourcecode.swift; path = CreateCard.swift; sourceTree = "<group>"; };
		A30801842018FD0000A1060A /* CreateTransactionWithCard.swift */ = {isa = PBXFileReference; fileEncoding = 4; lastKnownFileType = sourcecode.swift; path = CreateTransactionWithCard.swift; sourceTree = "<group>"; };
		A30801852018FD0000A1060A /* EncryptedOperation.swift */ = {isa = PBXFileReference; fileEncoding = 4; lastKnownFileType = sourcecode.swift; path = EncryptedOperation.swift; sourceTree = "<group>"; };
		A30801862018FD0000A1060A /* StraalOperation.swift */ = {isa = PBXFileReference; fileEncoding = 4; lastKnownFileType = sourcecode.swift; path = StraalOperation.swift; sourceTree = "<group>"; };
		A30801882018FD0000A1060A /* DateSource.swift */ = {isa = PBXFileReference; fileEncoding = 4; lastKnownFileType = sourcecode.swift; path = DateSource.swift; sourceTree = "<group>"; };
		A308018A2018FD0000A1060A /* Collection+Extension.swift */ = {isa = PBXFileReference; fileEncoding = 4; lastKnownFileType = sourcecode.swift; path = "Collection+Extension.swift"; sourceTree = "<group>"; };
		A308018B2018FD0000A1060A /* String+Extension.swift */ = {isa = PBXFileReference; fileEncoding = 4; lastKnownFileType = sourcecode.swift; path = "String+Extension.swift"; sourceTree = "<group>"; };
		A308018F2018FD0000A1060A /* Card.swift */ = {isa = PBXFileReference; fileEncoding = 4; lastKnownFileType = sourcecode.swift; path = Card.swift; sourceTree = "<group>"; };
		A30801902018FD0000A1060A /* CardBrand.swift */ = {isa = PBXFileReference; fileEncoding = 4; lastKnownFileType = sourcecode.swift; path = CardBrand.swift; sourceTree = "<group>"; };
		A30801922018FD0000A1060A /* AmericanExpress.swift */ = {isa = PBXFileReference; fileEncoding = 4; lastKnownFileType = sourcecode.swift; path = AmericanExpress.swift; sourceTree = "<group>"; };
		A30801932018FD0000A1060A /* MasterCard.swift */ = {isa = PBXFileReference; fileEncoding = 4; lastKnownFileType = sourcecode.swift; path = MasterCard.swift; sourceTree = "<group>"; };
		A30801942018FD0000A1060A /* Visa.swift */ = {isa = PBXFileReference; fileEncoding = 4; lastKnownFileType = sourcecode.swift; path = Visa.swift; sourceTree = "<group>"; };
		A30801952018FD0000A1060A /* CardCVV.swift */ = {isa = PBXFileReference; fileEncoding = 4; lastKnownFileType = sourcecode.swift; path = CardCVV.swift; sourceTree = "<group>"; };
		A30801962018FD0000A1060A /* CardholderName.swift */ = {isa = PBXFileReference; fileEncoding = 4; lastKnownFileType = sourcecode.swift; path = CardholderName.swift; sourceTree = "<group>"; };
		A30801972018FD0000A1060A /* CardNumber.swift */ = {isa = PBXFileReference; fileEncoding = 4; lastKnownFileType = sourcecode.swift; path = CardNumber.swift; sourceTree = "<group>"; };
		A30801982018FD0000A1060A /* CardsParser.swift */ = {isa = PBXFileReference; fileEncoding = 4; lastKnownFileType = sourcecode.swift; path = CardsParser.swift; sourceTree = "<group>"; };
		A30801992018FD0000A1060A /* Expiry.swift */ = {isa = PBXFileReference; fileEncoding = 4; lastKnownFileType = sourcecode.swift; path = Expiry.swift; sourceTree = "<group>"; };
		A308019A2018FD0000A1060A /* CryptKeyPermission.swift */ = {isa = PBXFileReference; fileEncoding = 4; lastKnownFileType = sourcecode.swift; path = CryptKeyPermission.swift; sourceTree = "<group>"; };
		A308019E2018FD0000A1060A /* StraalError.swift */ = {isa = PBXFileReference; fileEncoding = 4; lastKnownFileType = sourcecode.swift; path = StraalError.swift; sourceTree = "<group>"; };
		A30801A02018FD0000A1060A /* Currency.swift */ = {isa = PBXFileReference; fileEncoding = 4; lastKnownFileType = sourcecode.swift; path = Currency.swift; sourceTree = "<group>"; };
		A30801A12018FD0000A1060A /* MoneyAmount.swift */ = {isa = PBXFileReference; fileEncoding = 4; lastKnownFileType = sourcecode.swift; path = MoneyAmount.swift; sourceTree = "<group>"; };
		A30801A22018FD0000A1060A /* Transaction.swift */ = {isa = PBXFileReference; fileEncoding = 4; lastKnownFileType = sourcecode.swift; path = Transaction.swift; sourceTree = "<group>"; };
		A30801A52018FD0000A1060A /* Luhn.swift */ = {isa = PBXFileReference; fileEncoding = 4; lastKnownFileType = sourcecode.swift; path = Luhn.swift; sourceTree = "<group>"; };
		A30801A62018FD0000A1060A /* ValidationResult.swift */ = {isa = PBXFileReference; fileEncoding = 4; lastKnownFileType = sourcecode.swift; path = ValidationResult.swift; sourceTree = "<group>"; };
		A30801A92018FD0000A1060A /* UrlSession+Synchronous.swift */ = {isa = PBXFileReference; fileEncoding = 4; lastKnownFileType = sourcecode.swift; path = "UrlSession+Synchronous.swift"; sourceTree = "<group>"; };
		A30801AA2018FD0000A1060A /* UrlSessionAdapter.swift */ = {isa = PBXFileReference; fileEncoding = 4; lastKnownFileType = sourcecode.swift; path = UrlSessionAdapter.swift; sourceTree = "<group>"; };
		A30801AC2018FD0000A1060A /* BackendEndpoint.swift */ = {isa = PBXFileReference; fileEncoding = 4; lastKnownFileType = sourcecode.swift; path = BackendEndpoint.swift; sourceTree = "<group>"; };
		A30801AD2018FD0000A1060A /* Endpoint.swift */ = {isa = PBXFileReference; fileEncoding = 4; lastKnownFileType = sourcecode.swift; path = Endpoint.swift; sourceTree = "<group>"; };
		A30801AE2018FD0000A1060A /* StraalEndpoint.swift */ = {isa = PBXFileReference; fileEncoding = 4; lastKnownFileType = sourcecode.swift; path = StraalEndpoint.swift; sourceTree = "<group>"; };
		A30801B02018FD0000A1060A /* EncryptedOperationResponse.swift */ = {isa = PBXFileReference; fileEncoding = 4; lastKnownFileType = sourcecode.swift; path = EncryptedOperationResponse.swift; sourceTree = "<group>"; };
		A30801B12018FD0000A1060A /* StraalResponse.swift */ = {isa = PBXFileReference; fileEncoding = 4; lastKnownFileType = sourcecode.swift; path = StraalResponse.swift; sourceTree = "<group>"; };
		A30801B32018FD0000A1060A /* BackendUrlCreator.swift */ = {isa = PBXFileReference; fileEncoding = 4; lastKnownFileType = sourcecode.swift; path = BackendUrlCreator.swift; sourceTree = "<group>"; };
		A30801B42018FD0000A1060A /* StraalUrlCreator.swift */ = {isa = PBXFileReference; fileEncoding = 4; lastKnownFileType = sourcecode.swift; path = StraalUrlCreator.swift; sourceTree = "<group>"; };
		A30801B62018FD0000A1060A /* Configuration.swift */ = {isa = PBXFileReference; fileEncoding = 4; lastKnownFileType = sourcecode.swift; path = Configuration.swift; sourceTree = "<group>"; };
		A30801B82018FD0000A1060A /* KeyParser.swift */ = {isa = PBXFileReference; fileEncoding = 4; lastKnownFileType = sourcecode.swift; path = KeyParser.swift; sourceTree = "<group>"; };
		A30801B92018FD0000A1060A /* StraalCryptor.swift */ = {isa = PBXFileReference; fileEncoding = 4; lastKnownFileType = sourcecode.swift; path = StraalCryptor.swift; sourceTree = "<group>"; };
		A30801BA2018FD0000A1060A /* Straal.swift */ = {isa = PBXFileReference; fileEncoding = 4; lastKnownFileType = sourcecode.swift; path = Straal.swift; sourceTree = "<group>"; };
		A30801F02018FD2000A1060A /* UrlCreator.swift */ = {isa = PBXFileReference; lastKnownFileType = sourcecode.swift; path = UrlCreator.swift; sourceTree = "<group>"; };
		A30801F22018FDED00A1060A /* DecodeCallable.swift */ = {isa = PBXFileReference; lastKnownFileType = sourcecode.swift; path = DecodeCallable.swift; sourceTree = "<group>"; };
		A309CB0F1D997AAF00873639 /* LuhnSpec.swift */ = {isa = PBXFileReference; fileEncoding = 4; lastKnownFileType = sourcecode.swift; path = LuhnSpec.swift; sourceTree = "<group>"; };
		A34AD01C1D9A5ACE00D13D09 /* DateSourceFake.swift */ = {isa = PBXFileReference; fileEncoding = 4; lastKnownFileType = sourcecode.swift; path = DateSourceFake.swift; sourceTree = "<group>"; };
		A35C76D4201C915600E0004F /* CreateCardSpec.swift */ = {isa = PBXFileReference; lastKnownFileType = sourcecode.swift; path = CreateCardSpec.swift; sourceTree = "<group>"; };
		A35C76D6201C916300E0004F /* CreateTransactionWithCardSpec.swift */ = {isa = PBXFileReference; lastKnownFileType = sourcecode.swift; path = CreateTransactionWithCardSpec.swift; sourceTree = "<group>"; };
		A371E7001D82FC6600D05B2F /* Straal.framework */ = {isa = PBXFileReference; explicitFileType = wrapper.framework; includeInIndex = 0; path = Straal.framework; sourceTree = BUILT_PRODUCTS_DIR; };
		A371E7031D82FC6600D05B2F /* Straal.h */ = {isa = PBXFileReference; lastKnownFileType = sourcecode.c.h; path = Straal.h; sourceTree = "<group>"; };
		A371E7041D82FC6600D05B2F /* Info.plist */ = {isa = PBXFileReference; lastKnownFileType = text.plist.xml; path = Info.plist; sourceTree = "<group>"; };
		A371E7091D82FC6600D05B2F /* StraalTests.xctest */ = {isa = PBXFileReference; explicitFileType = wrapper.cfbundle; includeInIndex = 0; path = StraalTests.xctest; sourceTree = BUILT_PRODUCTS_DIR; };
		A371E71B1D82FD9F00D05B2F /* CryptorSpec.swift */ = {isa = PBXFileReference; fileEncoding = 4; lastKnownFileType = sourcecode.swift; path = CryptorSpec.swift; sourceTree = "<group>"; };
		A371E71C1D82FD9F00D05B2F /* KeyParserTests.swift */ = {isa = PBXFileReference; fileEncoding = 4; lastKnownFileType = sourcecode.swift; path = KeyParserTests.swift; sourceTree = "<group>"; };
		B4742A822020CE7C00EAD828 /* CVVValidator.swift */ = {isa = PBXFileReference; lastKnownFileType = sourcecode.swift; path = CVVValidator.swift; sourceTree = "<group>"; };
		B4742A842020D5E300EAD828 /* CVVValidatorSpec.swift */ = {isa = PBXFileReference; lastKnownFileType = sourcecode.swift; path = CVVValidatorSpec.swift; sourceTree = "<group>"; };
		B4742A862021AEC500EAD828 /* CardholderNameValidator.swift */ = {isa = PBXFileReference; lastKnownFileType = sourcecode.swift; path = CardholderNameValidator.swift; sourceTree = "<group>"; };
		B4742A882021AF0E00EAD828 /* CardholderNameValidatorSpec.swift */ = {isa = PBXFileReference; lastKnownFileType = sourcecode.swift; path = CardholderNameValidatorSpec.swift; sourceTree = "<group>"; };
		B4742A8A2021D96A00EAD828 /* Switch.swift */ = {isa = PBXFileReference; lastKnownFileType = sourcecode.swift; path = Switch.swift; sourceTree = "<group>"; };
		B4742A8E2021E21900EAD828 /* JCB.swift */ = {isa = PBXFileReference; lastKnownFileType = sourcecode.swift; path = JCB.swift; sourceTree = "<group>"; };
		B4742A902021E32200EAD828 /* Bankcard.swift */ = {isa = PBXFileReference; lastKnownFileType = sourcecode.swift; path = Bankcard.swift; sourceTree = "<group>"; };
		B4742A922021E5BB00EAD828 /* Diners.swift */ = {isa = PBXFileReference; lastKnownFileType = sourcecode.swift; path = Diners.swift; sourceTree = "<group>"; };
		B4742A942021E6E900EAD828 /* Discover.swift */ = {isa = PBXFileReference; lastKnownFileType = sourcecode.swift; path = Discover.swift; sourceTree = "<group>"; };
		B4742A962021EAF400EAD828 /* CUP.swift */ = {isa = PBXFileReference; lastKnownFileType = sourcecode.swift; path = CUP.swift; sourceTree = "<group>"; };
		B4742A982021ED2F00EAD828 /* InterPayment.swift */ = {isa = PBXFileReference; lastKnownFileType = sourcecode.swift; path = InterPayment.swift; sourceTree = "<group>"; };
		B4742A9A2021EF0100EAD828 /* InstaPayment.swift */ = {isa = PBXFileReference; lastKnownFileType = sourcecode.swift; path = InstaPayment.swift; sourceTree = "<group>"; };
		B4742A9E2021F03700EAD828 /* Laser.swift */ = {isa = PBXFileReference; lastKnownFileType = sourcecode.swift; path = Laser.swift; sourceTree = "<group>"; };
		B4742AA02021F19B00EAD828 /* Dankort.swift */ = {isa = PBXFileReference; lastKnownFileType = sourcecode.swift; path = Dankort.swift; sourceTree = "<group>"; };
		B4742AA22021F21000EAD828 /* Maestro.swift */ = {isa = PBXFileReference; lastKnownFileType = sourcecode.swift; path = Maestro.swift; sourceTree = "<group>"; };
		B4742AA42021FF5100EAD828 /* Solo.swift */ = {isa = PBXFileReference; lastKnownFileType = sourcecode.swift; path = Solo.swift; sourceTree = "<group>"; };
		B4742AA62022006600EAD828 /* UATP.swift */ = {isa = PBXFileReference; lastKnownFileType = sourcecode.swift; path = UATP.swift; sourceTree = "<group>"; };
		B4A6012020245CF700088A0E /* FullCardValidatorSpec.swift */ = {isa = PBXFileReference; lastKnownFileType = sourcecode.swift; path = FullCardValidatorSpec.swift; sourceTree = "<group>"; };
		B4A6012220246FB300088A0E /* CardValidatorFake.swift */ = {isa = PBXFileReference; lastKnownFileType = sourcecode.swift; path = CardValidatorFake.swift; sourceTree = "<group>"; };
		B4F4BCEC2020A44D003C014C /* CardsParserSpec.swift */ = {isa = PBXFileReference; lastKnownFileType = sourcecode.swift; path = CardsParserSpec.swift; sourceTree = "<group>"; };
		B4F4BCEE2020B41E003C014C /* CardValidator.swift */ = {isa = PBXFileReference; lastKnownFileType = sourcecode.swift; path = CardValidator.swift; sourceTree = "<group>"; };
		B4F4BCF02020B90E003C014C /* VisaElectron.swift */ = {isa = PBXFileReference; lastKnownFileType = sourcecode.swift; path = VisaElectron.swift; sourceTree = "<group>"; };
/* End PBXFileReference section */

/* Begin PBXFrameworksBuildPhase section */
		A371E6FC1D82FC6600D05B2F /* Frameworks */ = {
			isa = PBXFrameworksBuildPhase;
			buildActionMask = 2147483647;
			files = (
				77CED51F25B07D000085B30E /* IDZSwiftCommonCrypto in Frameworks */,
			);
			runOnlyForDeploymentPostprocessing = 0;
		};
		A371E7061D82FC6600D05B2F /* Frameworks */ = {
			isa = PBXFrameworksBuildPhase;
			buildActionMask = 2147483647;
			files = (
				77CED52725B07D510085B30E /* Nimble in Frameworks */,
				77CED52325B07D340085B30E /* Quick in Frameworks */,
				A371E70A1D82FC6600D05B2F /* Straal.framework in Frameworks */,
			);
			runOnlyForDeploymentPostprocessing = 0;
		};
/* End PBXFrameworksBuildPhase section */

/* Begin PBXGroup section */
		0EAA37CB1F14C2490048F2E6 /* Card */ = {
			isa = PBXGroup;
			children = (
				0EE419C32024C365008FA186 /* CardholderNameSpec.swift */,
				B4F4BCEC2020A44D003C014C /* CardsParserSpec.swift */,
				0EAA37D51F18E89D0048F2E6 /* CardSpec.swift */,
				0EAA37D31F18B8C20048F2E6 /* ExpirySpec.swift */,
			);
			path = Card;
			sourceTree = "<group>";
		};
		0EE419C02024AE74008FA186 /* Luhn */ = {
			isa = PBXGroup;
			children = (
				A30801A52018FD0000A1060A /* Luhn.swift */,
				0EE419C12024AE89008FA186 /* LuhnValidable.swift */,
			);
			path = Luhn;
			sourceTree = "<group>";
		};
		7718AE65259DD3C4007CBF61 /* Extensions */ = {
			isa = PBXGroup;
			children = (
				0E7AC1C2201B6E8000BC3DF3 /* BundleVersionAdapter.swift */,
				A308018A2018FD0000A1060A /* Collection+Extension.swift */,
				A30801882018FD0000A1060A /* DateSource.swift */,
				A308018B2018FD0000A1060A /* String+Extension.swift */,
				A30801A92018FD0000A1060A /* UrlSession+Synchronous.swift */,
				A30801AA2018FD0000A1060A /* UrlSessionAdapter.swift */,
			);
			path = Extensions;
			sourceTree = "<group>";
		};
		7718AE6A259DD5DB007CBF61 /* Permission */ = {
			isa = PBXGroup;
			children = (
				A308019A2018FD0000A1060A /* CryptKeyPermission.swift */,
			);
			path = Permission;
			sourceTree = "<group>";
		};
		7718AE81259DE340007CBF61 /* URL */ = {
			isa = PBXGroup;
			children = (
				7718AE82259DE38A007CBF61 /* OpenURLContextHandler.swift */,
				7718AE90259DE960007CBF61 /* OpenURLContext.swift */,
				7718AE93259DE9AC007CBF61 /* OpenURLContextRegistration.swift */,
				7718AEB1259E010A007CBF61 /* OpenURLContextParser.swift */,
				774590C025AEF51600588304 /* ReturnURLProvider.swift */,
			);
			path = URL;
			sourceTree = "<group>";
		};
		7718AE86259DE65B007CBF61 /* URL */ = {
			isa = PBXGroup;
			children = (
				7718AE87259DE66F007CBF61 /* OpenURLContextHandlerSpec.swift */,
				7718AEB5259E0164007CBF61 /* OpenURLContextParserSpec.swift */,
				774590C425AEF52400588304 /* ReturnURLProviderTests.swift */,
			);
			path = URL;
			sourceTree = "<group>";
		};
		7718AE99259DF087007CBF61 /* Context */ = {
			isa = PBXGroup;
			children = (
				774590B425AEF04F00588304 /* OperationContextContainer.swift */,
				7718AEAD259E0091007CBF61 /* Init3DSOperationContext.swift */,
				7718AE9F259DF2E8007CBF61 /* OperationContext.swift */,
				7718AEAA259E007C007CBF61 /* SimpleOperationContext.swift */,
			);
			path = Context;
			sourceTree = "<group>";
		};
		7728325C235A428D00CB9BB6 /* Frameworks */ = {
			isa = PBXGroup;
			children = (
			);
			name = Frameworks;
			sourceTree = "<group>";
		};
		77944C7E2599F03000910CF3 /* StraalTests */ = {
			isa = PBXGroup;
			children = (
				774590C925AEF9B100588304 /* StraalTests.swift */,
				A308015D2018752A00A1060A /* Callable */,
				A371E71A1D82FD9F00D05B2F /* Cryptor */,
				A3000E661D8BFD5000258B07 /* Fakes */,
				A309CAFF1D9945BD00873639 /* Model */,
				A3000E671D8BFD5400258B07 /* Networking */,
				A35C76D3201C914500E0004F /* Operation */,
				7718AE86259DE65B007CBF61 /* URL */,
			);
			path = StraalTests;
			sourceTree = "<group>";
		};
		77944C852599F04300910CF3 /* Supporting Files */ = {
			isa = PBXGroup;
			children = (
				A371E7031D82FC6600D05B2F /* Straal.h */,
				A371E7041D82FC6600D05B2F /* Info.plist */,
				77CF7C15259CD4F300C2E5CD /* Info-tests.plist */,
			);
			path = "Supporting Files";
			sourceTree = "<group>";
		};
		A3000E661D8BFD5000258B07 /* Fakes */ = {
			isa = PBXGroup;
			children = (
				B4A6012220246FB300088A0E /* CardValidatorFake.swift */,
				A34AD01C1D9A5ACE00D13D09 /* DateSourceFake.swift */,
				778800FF25BF5D360016F7EA /* HttpCallableFake.swift */,
				7718AE8C259DE6F1007CBF61 /* OpenURLContextHandlerFake.swift */,
				7718AEBB259E08D1007CBF61 /* OpenURLContextRegistrationFake.swift */,
				774590CC25AEFA6F00588304 /* OperationContextContainerFake.swift */,
				77CF7C5C259CECB800C2E5CD /* SafariViewControllerSpy.swift */,
				77283275235A497800CB9BB6 /* SimpleCallableSpy.swift */,
				0E90F77C201A15BF0070C526 /* UrlSessionAdapterFake.swift */,
				0E7AC1C6201B707D00BC3DF3 /* VersionAdapterFake.swift */,
			);
			path = Fakes;
			sourceTree = "<group>";
		};
		A3000E671D8BFD5400258B07 /* Networking */ = {
			isa = PBXGroup;
			children = (
				A3000E681D8BFD5400258B07 /* Backend */,
			);
			path = Networking;
			sourceTree = "<group>";
		};
		A3000E681D8BFD5400258B07 /* Backend */ = {
			isa = PBXGroup;
			children = (
				A3000E691D8BFD5400258B07 /* Connector */,
			);
			path = Backend;
			sourceTree = "<group>";
		};
		A3000E691D8BFD5400258B07 /* Connector */ = {
			isa = PBXGroup;
			children = (
				A3000E6C1D8BFD5400258B07 /* BackendUrlCreatorSpec.swift */,
			);
			path = Connector;
			sourceTree = "<group>";
		};
		A308015D2018752A00A1060A /* Callable */ = {
			isa = PBXGroup;
			children = (
				77283273235A47EE00CB9BB6 /* CacheValueCallable.swift */,
				A3080160201878F500A1060A /* CryptKeyCallableSpec.swift */,
				0E90F77A201A09230070C526 /* HttpCallableSpec.swift */,
				77283279235A4CC700CB9BB6 /* MapCallableSpec.swift */,
				7728328A235AFF2700CB9BB6 /* MergeCallableSpec.swift */,
				7728326F235A440B00CB9BB6 /* ParseRedirectCallableSpec.swift */,
				A308016420187C6500A1060A /* ParseResponseCallableSpec.swift */,
				0E7AC1C4201B703B00BC3DF3 /* PostRequestCallableSpec.swift */,
				77DC743E235B5126002FC9D8 /* PresentStraalViewControllerCallableSpec.swift */,
				A308015E2018753500A1060A /* SimpleCallableSpec.swift */,
			);
			path = Callable;
			sourceTree = "<group>";
		};
		A30801752018FD0000A1060A /* Operation */ = {
			isa = PBXGroup;
			children = (
				A30801762018FD0000A1060A /* Callable */,
				A30801832018FD0000A1060A /* CreateCard.swift */,
				A30801842018FD0000A1060A /* CreateTransactionWithCard.swift */,
				A30801852018FD0000A1060A /* EncryptedOperation.swift */,
				7728326B235A440400CB9BB6 /* Init3DSOperation.swift */,
				A30801862018FD0000A1060A /* StraalOperation.swift */,
			);
			path = Operation;
			sourceTree = "<group>";
		};
		A30801762018FD0000A1060A /* Callable */ = {
			isa = PBXGroup;
			children = (
				A30801772018FD0000A1060A /* AnyCallable.swift */,
				77283271235A47DA00CB9BB6 /* CacheValueCallable.swift */,
				A30801782018FD0000A1060A /* Callable.swift */,
				A30801792018FD0000A1060A /* CryptKeyResponseCallable.swift */,
				A30801F22018FDED00A1060A /* DecodeCallable.swift */,
				A308017A2018FD0000A1060A /* EncodeCallable.swift */,
				A308017B2018FD0000A1060A /* EncryptCallable.swift */,
				A308017C2018FD0000A1060A /* HttpCallable.swift */,
				77283277235A4CB200CB9BB6 /* MapCallable.swift */,
				A308017D2018FD0000A1060A /* MapToJsonCallable.swift */,
				77283288235AFF1D00CB9BB6 /* MergeCallable.swift */,
				A308017E2018FD0000A1060A /* ParseErrorCallable.swift */,
				77283256235A3AAF00CB9BB6 /* ParseRedirectCallable.swift */,
				A30801802018FD0000A1060A /* PostRequestCallable.swift */,
				77283282235AE5CE00CB9BB6 /* PresentStraalViewControllerCallable.swift */,
				A30801812018FD0000A1060A /* SimpleCallable.swift */,
			);
			path = Callable;
			sourceTree = "<group>";
		};
		A308018D2018FD0000A1060A /* Model */ = {
			isa = PBXGroup;
			children = (
				A308018E2018FD0000A1060A /* Card */,
				A308019B2018FD0000A1060A /* Error */,
				7718AE6A259DD5DB007CBF61 /* Permission */,
				A308019F2018FD0000A1060A /* Transaction */,
				A30801A32018FD0000A1060A /* Validation */,
			);
			path = Model;
			sourceTree = "<group>";
		};
		A308018E2018FD0000A1060A /* Card */ = {
			isa = PBXGroup;
			children = (
				A30801912018FD0000A1060A /* CardBrand */,
				A308018F2018FD0000A1060A /* Card.swift */,
				A30801952018FD0000A1060A /* CardCVV.swift */,
				A30801962018FD0000A1060A /* CardholderName.swift */,
				A30801972018FD0000A1060A /* CardNumber.swift */,
				A30801982018FD0000A1060A /* CardsParser.swift */,
				A30801992018FD0000A1060A /* Expiry.swift */,
			);
			path = Card;
			sourceTree = "<group>";
		};
		A30801912018FD0000A1060A /* CardBrand */ = {
			isa = PBXGroup;
			children = (
				A30801922018FD0000A1060A /* AmericanExpress.swift */,
				B4742A902021E32200EAD828 /* Bankcard.swift */,
				A30801902018FD0000A1060A /* CardBrand.swift */,
				B4742A962021EAF400EAD828 /* CUP.swift */,
				B4742AA02021F19B00EAD828 /* Dankort.swift */,
				B4742A922021E5BB00EAD828 /* Diners.swift */,
				B4742A942021E6E900EAD828 /* Discover.swift */,
				B4742A9A2021EF0100EAD828 /* InstaPayment.swift */,
				B4742A982021ED2F00EAD828 /* InterPayment.swift */,
				B4742A8E2021E21900EAD828 /* JCB.swift */,
				B4742A9E2021F03700EAD828 /* Laser.swift */,
				B4742AA22021F21000EAD828 /* Maestro.swift */,
				A30801932018FD0000A1060A /* MasterCard.swift */,
				B4742AA42021FF5100EAD828 /* Solo.swift */,
				B4742A8A2021D96A00EAD828 /* Switch.swift */,
				B4742AA62022006600EAD828 /* UATP.swift */,
				A30801942018FD0000A1060A /* Visa.swift */,
				B4F4BCF02020B90E003C014C /* VisaElectron.swift */,
			);
			path = CardBrand;
			sourceTree = "<group>";
		};
		A308019B2018FD0000A1060A /* Error */ = {
			isa = PBXGroup;
			children = (
				A308019E2018FD0000A1060A /* StraalError.swift */,
			);
			path = Error;
			sourceTree = "<group>";
		};
		A308019F2018FD0000A1060A /* Transaction */ = {
			isa = PBXGroup;
			children = (
				A30801A02018FD0000A1060A /* Currency.swift */,
				A30801A12018FD0000A1060A /* MoneyAmount.swift */,
				A30801A22018FD0000A1060A /* Transaction.swift */,
			);
			path = Transaction;
			sourceTree = "<group>";
		};
		A30801A32018FD0000A1060A /* Validation */ = {
			isa = PBXGroup;
			children = (
				0EE419C02024AE74008FA186 /* Luhn */,
				B4742A862021AEC500EAD828 /* CardholderNameValidator.swift */,
				0E9D35BA2023443C00DBA9C9 /* CardNumberValidator.swift */,
				B4F4BCEE2020B41E003C014C /* CardValidator.swift */,
				B4742A822020CE7C00EAD828 /* CVVValidator.swift */,
				0E9D35B22021D7FE00DBA9C9 /* ExpiryValidation.swift */,
				0E9D35B62023209E00DBA9C9 /* FullCardValidator.swift */,
				A30801A62018FD0000A1060A /* ValidationResult.swift */,
			);
			path = Validation;
			sourceTree = "<group>";
		};
		A30801A72018FD0000A1060A /* Networking */ = {
			isa = PBXGroup;
			children = (
				A30801AB2018FD0000A1060A /* Endpoint */,
				A30801AF2018FD0000A1060A /* Response */,
				A30801B22018FD0000A1060A /* URLCreating */,
			);
			path = Networking;
			sourceTree = "<group>";
		};
		A30801AB2018FD0000A1060A /* Endpoint */ = {
			isa = PBXGroup;
			children = (
				A30801AC2018FD0000A1060A /* BackendEndpoint.swift */,
				A30801AD2018FD0000A1060A /* Endpoint.swift */,
				A30801AE2018FD0000A1060A /* StraalEndpoint.swift */,
			);
			path = Endpoint;
			sourceTree = "<group>";
		};
		A30801AF2018FD0000A1060A /* Response */ = {
			isa = PBXGroup;
			children = (
				77283268235A43F900CB9BB6 /* Encrypted3DSOperationResponse.swift */,
				A30801B02018FD0000A1060A /* EncryptedOperationResponse.swift */,
				77283286235AE97F00CB9BB6 /* Init3DSURLs.swift */,
				A30801B12018FD0000A1060A /* StraalResponse.swift */,
			);
			path = Response;
			sourceTree = "<group>";
		};
		A30801B22018FD0000A1060A /* URLCreating */ = {
			isa = PBXGroup;
			children = (
				A30801B32018FD0000A1060A /* BackendUrlCreator.swift */,
				A30801B42018FD0000A1060A /* StraalUrlCreator.swift */,
				A30801F02018FD2000A1060A /* UrlCreator.swift */,
			);
			path = URLCreating;
			sourceTree = "<group>";
		};
		A30801B52018FD0000A1060A /* Configuration */ = {
			isa = PBXGroup;
			children = (
				A30801B62018FD0000A1060A /* Configuration.swift */,
			);
			path = Configuration;
			sourceTree = "<group>";
		};
		A30801B72018FD0000A1060A /* Cryptor */ = {
			isa = PBXGroup;
			children = (
				A30801B82018FD0000A1060A /* KeyParser.swift */,
				A30801B92018FD0000A1060A /* StraalCryptor.swift */,
			);
			path = Cryptor;
			sourceTree = "<group>";
		};
		A309CAFF1D9945BD00873639 /* Model */ = {
			isa = PBXGroup;
			children = (
				0EAA37CB1F14C2490048F2E6 /* Card */,
				A309CB001D9945BD00873639 /* Validation */,
			);
			path = Model;
			sourceTree = "<group>";
		};
		A309CB001D9945BD00873639 /* Validation */ = {
			isa = PBXGroup;
			children = (
				B4742A882021AF0E00EAD828 /* CardholderNameValidatorSpec.swift */,
				0E9D35BC20234BAF00DBA9C9 /* CardNumberValidatorSpec.swift */,
				B4742A842020D5E300EAD828 /* CVVValidatorSpec.swift */,
				0E9D35B42021E5DC00DBA9C9 /* ExpiryValidatorSpec.swift */,
				B4A6012020245CF700088A0E /* FullCardValidatorSpec.swift */,
				A309CB0F1D997AAF00873639 /* LuhnSpec.swift */,
			);
			path = Validation;
			sourceTree = "<group>";
		};
		A35C76D3201C914500E0004F /* Operation */ = {
			isa = PBXGroup;
			children = (
				A35C76D4201C915600E0004F /* CreateCardSpec.swift */,
				A35C76D6201C916300E0004F /* CreateTransactionWithCardSpec.swift */,
				7728327B235A5E6800CB9BB6 /* Init3DSOperationSpec.swift */,
			);
			path = Operation;
			sourceTree = "<group>";
		};
		A371E6F61D82FC6600D05B2F = {
			isa = PBXGroup;
			children = (
				A371E7021D82FC6600D05B2F /* Sources */,
				A371E70D1D82FC6600D05B2F /* Tests */,
				77944C852599F04300910CF3 /* Supporting Files */,
				A371E7011D82FC6600D05B2F /* Products */,
				7728325C235A428D00CB9BB6 /* Frameworks */,
			);
			sourceTree = "<group>";
		};
		A371E7011D82FC6600D05B2F /* Products */ = {
			isa = PBXGroup;
			children = (
				A371E7001D82FC6600D05B2F /* Straal.framework */,
				A371E7091D82FC6600D05B2F /* StraalTests.xctest */,
			);
			name = Products;
			sourceTree = "<group>";
		};
		A371E7021D82FC6600D05B2F /* Sources */ = {
			isa = PBXGroup;
			children = (
				A371E71F1D82FDA800D05B2F /* Straal */,
			);
			path = Sources;
			sourceTree = "<group>";
		};
		A371E70D1D82FC6600D05B2F /* Tests */ = {
			isa = PBXGroup;
			children = (
				77944C7E2599F03000910CF3 /* StraalTests */,
			);
			path = Tests;
			sourceTree = "<group>";
		};
		A371E71A1D82FD9F00D05B2F /* Cryptor */ = {
			isa = PBXGroup;
			children = (
				A371E71B1D82FD9F00D05B2F /* CryptorSpec.swift */,
				A371E71C1D82FD9F00D05B2F /* KeyParserTests.swift */,
			);
			path = Cryptor;
			sourceTree = "<group>";
		};
		A371E71F1D82FDA800D05B2F /* Straal */ = {
			isa = PBXGroup;
			children = (
				A30801BA2018FD0000A1060A /* Straal.swift */,
				A30801B52018FD0000A1060A /* Configuration */,
				7718AE99259DF087007CBF61 /* Context */,
				A30801B72018FD0000A1060A /* Cryptor */,
				7718AE65259DD3C4007CBF61 /* Extensions */,
				A308018D2018FD0000A1060A /* Model */,
				A30801A72018FD0000A1060A /* Networking */,
				A30801752018FD0000A1060A /* Operation */,
				7718AE81259DE340007CBF61 /* URL */,
			);
			path = Straal;
			sourceTree = "<group>";
		};
/* End PBXGroup section */

/* Begin PBXHeadersBuildPhase section */
		A371E6FD1D82FC6600D05B2F /* Headers */ = {
			isa = PBXHeadersBuildPhase;
			buildActionMask = 2147483647;
			files = (
				A371E7111D82FC6600D05B2F /* Straal.h in Headers */,
			);
			runOnlyForDeploymentPostprocessing = 0;
		};
/* End PBXHeadersBuildPhase section */

/* Begin PBXNativeTarget section */
		A371E6FF1D82FC6600D05B2F /* Straal */ = {
			isa = PBXNativeTarget;
			buildConfigurationList = A371E7141D82FC6600D05B2F /* Build configuration list for PBXNativeTarget "Straal" */;
			buildPhases = (
				A3B8BCEC1D9046F50031B3C4 /* Lint */,
				A371E6FB1D82FC6600D05B2F /* Sources */,
				A371E6FC1D82FC6600D05B2F /* Frameworks */,
				A371E6FD1D82FC6600D05B2F /* Headers */,
				A371E6FE1D82FC6600D05B2F /* Resources */,
			);
			buildRules = (
			);
			dependencies = (
			);
			name = Straal;
			packageProductDependencies = (
				77CED51E25B07D000085B30E /* IDZSwiftCommonCrypto */,
			);
			productName = Straal;
			productReference = A371E7001D82FC6600D05B2F /* Straal.framework */;
			productType = "com.apple.product-type.framework";
		};
		A371E7081D82FC6600D05B2F /* StraalTests */ = {
			isa = PBXNativeTarget;
			buildConfigurationList = A371E7171D82FC6600D05B2F /* Build configuration list for PBXNativeTarget "StraalTests" */;
			buildPhases = (
				A371E7051D82FC6600D05B2F /* Sources */,
				A371E7061D82FC6600D05B2F /* Frameworks */,
				A371E7071D82FC6600D05B2F /* Resources */,
				77283263235A42CA00CB9BB6 /* Copy Frameworks */,
			);
			buildRules = (
			);
			dependencies = (
				A371E70C1D82FC6600D05B2F /* PBXTargetDependency */,
			);
			name = StraalTests;
			packageProductDependencies = (
				77CED52225B07D340085B30E /* Quick */,
				77CED52625B07D510085B30E /* Nimble */,
			);
			productName = StraalTests;
			productReference = A371E7091D82FC6600D05B2F /* StraalTests.xctest */;
			productType = "com.apple.product-type.bundle.unit-test";
		};
/* End PBXNativeTarget section */

/* Begin PBXProject section */
		A371E6F71D82FC6600D05B2F /* Project object */ = {
			isa = PBXProject;
			attributes = {
				LastSwiftUpdateCheck = 0800;
				LastUpgradeCheck = 1230;
				ORGANIZATIONNAME = Straal;
				TargetAttributes = {
					A371E6FF1D82FC6600D05B2F = {
						CreatedOnToolsVersion = 8.0;
						LastSwiftMigration = 1110;
						ProvisioningStyle = Automatic;
					};
					A371E7081D82FC6600D05B2F = {
						CreatedOnToolsVersion = 8.0;
						LastSwiftMigration = 1110;
						ProvisioningStyle = Automatic;
					};
				};
			};
			buildConfigurationList = A371E6FA1D82FC6600D05B2F /* Build configuration list for PBXProject "Straal" */;
			compatibilityVersion = "Xcode 3.2";
			developmentRegion = en;
			hasScannedForEncodings = 0;
			knownRegions = (
				en,
				Base,
			);
			mainGroup = A371E6F61D82FC6600D05B2F;
			packageReferences = (
				77CED51D25B07D000085B30E /* XCRemoteSwiftPackageReference "IDZSwiftCommonCrypto" */,
				77CED52125B07D340085B30E /* XCRemoteSwiftPackageReference "Quick" */,
				77CED52525B07D510085B30E /* XCRemoteSwiftPackageReference "Nimble" */,
			);
			productRefGroup = A371E7011D82FC6600D05B2F /* Products */;
			projectDirPath = "";
			projectRoot = "";
			targets = (
				A371E6FF1D82FC6600D05B2F /* Straal */,
				A371E7081D82FC6600D05B2F /* StraalTests */,
			);
		};
/* End PBXProject section */

/* Begin PBXResourcesBuildPhase section */
		A371E6FE1D82FC6600D05B2F /* Resources */ = {
			isa = PBXResourcesBuildPhase;
			buildActionMask = 2147483647;
			files = (
			);
			runOnlyForDeploymentPostprocessing = 0;
		};
		A371E7071D82FC6600D05B2F /* Resources */ = {
			isa = PBXResourcesBuildPhase;
			buildActionMask = 2147483647;
			files = (
			);
			runOnlyForDeploymentPostprocessing = 0;
		};
/* End PBXResourcesBuildPhase section */

/* Begin PBXShellScriptBuildPhase section */
		A3B8BCEC1D9046F50031B3C4 /* Lint */ = {
			isa = PBXShellScriptBuildPhase;
			buildActionMask = 2147483647;
			files = (
			);
			inputPaths = (
			);
			name = Lint;
			outputPaths = (
			);
			runOnlyForDeploymentPostprocessing = 0;
			shellPath = /bin/sh;
			shellScript = "if which swiftlint >/dev/null; then\n  swiftlint lint --config .swiftlint_local.yml\nelse\n  echo \"warning: SwiftLint not installed, download from https://github.com/realm/SwiftLint\"\nfi\n";
		};
/* End PBXShellScriptBuildPhase section */

/* Begin PBXSourcesBuildPhase section */
		A371E6FB1D82FC6600D05B2F /* Sources */ = {
			isa = PBXSourcesBuildPhase;
			buildActionMask = 2147483647;
			files = (
				A30801F32018FDED00A1060A /* DecodeCallable.swift in Sources */,
				A30801D72018FD0100A1060A /* CardsParser.swift in Sources */,
				A30801C22018FD0000A1060A /* ParseErrorCallable.swift in Sources */,
				B4742AA32021F21000EAD828 /* Maestro.swift in Sources */,
				A30801E22018FD0100A1060A /* ValidationResult.swift in Sources */,
				A30801C72018FD0000A1060A /* CreateCard.swift in Sources */,
				A30801CD2018FD0100A1060A /* String+Extension.swift in Sources */,
				7718AE94259DE9AC007CBF61 /* OpenURLContextRegistration.swift in Sources */,
				77283287235AE97F00CB9BB6 /* Init3DSURLs.swift in Sources */,
				A30801C42018FD0000A1060A /* PostRequestCallable.swift in Sources */,
				A30801DF2018FD0100A1060A /* Transaction.swift in Sources */,
				B4742A992021ED2F00EAD828 /* InterPayment.swift in Sources */,
				77283283235AE5CE00CB9BB6 /* PresentStraalViewControllerCallable.swift in Sources */,
				A30801D32018FD0100A1060A /* Visa.swift in Sources */,
				B4742A8F2021E21900EAD828 /* JCB.swift in Sources */,
				A30801BF2018FD0000A1060A /* EncryptCallable.swift in Sources */,
				774590C125AEF51600588304 /* ReturnURLProvider.swift in Sources */,
				7728326A235A43F900CB9BB6 /* Encrypted3DSOperationResponse.swift in Sources */,
				7718AEB2259E010A007CBF61 /* OpenURLContextParser.swift in Sources */,
				A30801D02018FD0100A1060A /* CardBrand.swift in Sources */,
				A30801E12018FD0100A1060A /* Luhn.swift in Sources */,
				7718AE97259DE9B0007CBF61 /* OpenURLContext.swift in Sources */,
				A30801D12018FD0100A1060A /* AmericanExpress.swift in Sources */,
				A30801D52018FD0100A1060A /* CardholderName.swift in Sources */,
				A30801BD2018FD0000A1060A /* CryptKeyResponseCallable.swift in Sources */,
				A30801CC2018FD0100A1060A /* Collection+Extension.swift in Sources */,
				A30801E52018FD0100A1060A /* BackendEndpoint.swift in Sources */,
				A30801C52018FD0000A1060A /* SimpleCallable.swift in Sources */,
				B4742A9F2021F03700EAD828 /* Laser.swift in Sources */,
				A30801F12018FD2000A1060A /* UrlCreator.swift in Sources */,
				77283278235A4CB200CB9BB6 /* MapCallable.swift in Sources */,
				A30801CA2018FD0000A1060A /* StraalOperation.swift in Sources */,
				A30801E82018FD0100A1060A /* EncryptedOperationResponse.swift in Sources */,
				A30801E32018FD0100A1060A /* UrlSession+Synchronous.swift in Sources */,
				B4742A932021E5BB00EAD828 /* Diners.swift in Sources */,
				A30801C12018FD0000A1060A /* MapToJsonCallable.swift in Sources */,
				7718AEA0259DF2E8007CBF61 /* OperationContext.swift in Sources */,
				A30801C92018FD0000A1060A /* EncryptedOperation.swift in Sources */,
				B4742A972021EAF400EAD828 /* CUP.swift in Sources */,
				7718AE83259DE38A007CBF61 /* OpenURLContextHandler.swift in Sources */,
				774590BC25AEF41C00588304 /* Configuration.swift in Sources */,
				A30801ED2018FD0100A1060A /* KeyParser.swift in Sources */,
				B4742AA12021F19B00EAD828 /* Dankort.swift in Sources */,
				A30801D42018FD0100A1060A /* CardCVV.swift in Sources */,
				A30801BE2018FD0000A1060A /* EncodeCallable.swift in Sources */,
				B4742AA72022006600EAD828 /* UATP.swift in Sources */,
				774590B525AEF04F00588304 /* OperationContextContainer.swift in Sources */,
				A30801D22018FD0100A1060A /* MasterCard.swift in Sources */,
				A30801EA2018FD0100A1060A /* BackendUrlCreator.swift in Sources */,
				B4742A912021E32200EAD828 /* Bankcard.swift in Sources */,
				A30801C02018FD0000A1060A /* HttpCallable.swift in Sources */,
				B4F4BCF12020B90E003C014C /* VisaElectron.swift in Sources */,
				A30801DE2018FD0100A1060A /* MoneyAmount.swift in Sources */,
				7718AEAE259E0091007CBF61 /* Init3DSOperationContext.swift in Sources */,
				0EE419C22024AE89008FA186 /* LuhnValidable.swift in Sources */,
				B4742A832020CE7C00EAD828 /* CVVValidator.swift in Sources */,
				B4F4BCEF2020B41E003C014C /* CardValidator.swift in Sources */,
				7728326D235A440500CB9BB6 /* Init3DSOperation.swift in Sources */,
				A30801CF2018FD0100A1060A /* Card.swift in Sources */,
				A30801EF2018FD0100A1060A /* Straal.swift in Sources */,
				A30801BB2018FD0000A1060A /* AnyCallable.swift in Sources */,
				A30801DD2018FD0100A1060A /* Currency.swift in Sources */,
				A30801E42018FD0100A1060A /* UrlSessionAdapter.swift in Sources */,
				B4742A872021AEC500EAD828 /* CardholderNameValidator.swift in Sources */,
				0E9D35BB2023443C00DBA9C9 /* CardNumberValidator.swift in Sources */,
				B4742A8B2021D96A00EAD828 /* Switch.swift in Sources */,
				0E9D35B72023209E00DBA9C9 /* FullCardValidator.swift in Sources */,
				A30801E92018FD0100A1060A /* StraalResponse.swift in Sources */,
				A30801E72018FD0100A1060A /* StraalEndpoint.swift in Sources */,
				A30801EE2018FD0100A1060A /* StraalCryptor.swift in Sources */,
				0E9D35B32021D7FE00DBA9C9 /* ExpiryValidation.swift in Sources */,
				77283272235A47DA00CB9BB6 /* CacheValueCallable.swift in Sources */,
				0E7AC1C3201B6E8000BC3DF3 /* BundleVersionAdapter.swift in Sources */,
				A30801C82018FD0000A1060A /* CreateTransactionWithCard.swift in Sources */,
				7718AEAB259E007C007CBF61 /* SimpleOperationContext.swift in Sources */,
				77283257235A3AAF00CB9BB6 /* ParseRedirectCallable.swift in Sources */,
				B4742AA52021FF5100EAD828 /* Solo.swift in Sources */,
				B4742A9B2021EF0100EAD828 /* InstaPayment.swift in Sources */,
				A30801D82018FD0100A1060A /* Expiry.swift in Sources */,
				B4742A952021E6E900EAD828 /* Discover.swift in Sources */,
				A30801BC2018FD0000A1060A /* Callable.swift in Sources */,
				A30801EB2018FD0100A1060A /* StraalUrlCreator.swift in Sources */,
				A30801D62018FD0100A1060A /* CardNumber.swift in Sources */,
				A30801CB2018FD0100A1060A /* DateSource.swift in Sources */,
				A30801D92018FD0100A1060A /* CryptKeyPermission.swift in Sources */,
				A30801E62018FD0100A1060A /* Endpoint.swift in Sources */,
				77283289235AFF1D00CB9BB6 /* MergeCallable.swift in Sources */,
				A30801DC2018FD0100A1060A /* StraalError.swift in Sources */,
			);
			runOnlyForDeploymentPostprocessing = 0;
		};
		A371E7051D82FC6600D05B2F /* Sources */ = {
			isa = PBXSourcesBuildPhase;
			buildActionMask = 2147483647;
			files = (
				7718AEB9259E05D2007CBF61 /* PresentStraalViewControllerCallableSpec.swift in Sources */,
				77CF7C5D259CECB800C2E5CD /* SafariViewControllerSpy.swift in Sources */,
				7718AE8D259DE6F1007CBF61 /* OpenURLContextHandlerFake.swift in Sources */,
				B4F4BCED2020A44D003C014C /* CardsParserSpec.swift in Sources */,
				77283270235A440B00CB9BB6 /* ParseRedirectCallableSpec.swift in Sources */,
				A35C76D7201C916300E0004F /* CreateTransactionWithCardSpec.swift in Sources */,
				0EAA37D41F18B8C20048F2E6 /* ExpirySpec.swift in Sources */,
				77283274235A47EE00CB9BB6 /* CacheValueCallable.swift in Sources */,
				A308015F2018753500A1060A /* SimpleCallableSpec.swift in Sources */,
				7718AEB6259E0164007CBF61 /* OpenURLContextParserSpec.swift in Sources */,
				7728327C235A5E6800CB9BB6 /* Init3DSOperationSpec.swift in Sources */,
				774590C525AEF52400588304 /* ReturnURLProviderTests.swift in Sources */,
				0E9D35B52021E5DC00DBA9C9 /* ExpiryValidatorSpec.swift in Sources */,
				0E7AC1C5201B703B00BC3DF3 /* PostRequestCallableSpec.swift in Sources */,
				77283276235A497800CB9BB6 /* SimpleCallableSpy.swift in Sources */,
				0E90F77D201A15BF0070C526 /* UrlSessionAdapterFake.swift in Sources */,
				B4A6012120245CF700088A0E /* FullCardValidatorSpec.swift in Sources */,
				B4742A852020D5E300EAD828 /* CVVValidatorSpec.swift in Sources */,
				774590CA25AEF9B100588304 /* StraalTests.swift in Sources */,
				A371E71E1D82FD9F00D05B2F /* KeyParserTests.swift in Sources */,
				7728327A235A4CC700CB9BB6 /* MapCallableSpec.swift in Sources */,
				A35C76D5201C915600E0004F /* CreateCardSpec.swift in Sources */,
				B4742A892021AF0E00EAD828 /* CardholderNameValidatorSpec.swift in Sources */,
				A34AD01D1D9A5ACE00D13D09 /* DateSourceFake.swift in Sources */,
				7718AEBC259E08D1007CBF61 /* OpenURLContextRegistrationFake.swift in Sources */,
				A3080161201878F500A1060A /* CryptKeyCallableSpec.swift in Sources */,
				0E7AC1C7201B707D00BC3DF3 /* VersionAdapterFake.swift in Sources */,
				A308016520187C6500A1060A /* ParseResponseCallableSpec.swift in Sources */,
				0EAA37D61F18E89D0048F2E6 /* CardSpec.swift in Sources */,
				0E9D35BD20234BAF00DBA9C9 /* CardNumberValidatorSpec.swift in Sources */,
				A371E71D1D82FD9F00D05B2F /* CryptorSpec.swift in Sources */,
				A3000E741D8BFD5400258B07 /* BackendUrlCreatorSpec.swift in Sources */,
				7788010025BF5D360016F7EA /* HttpCallableFake.swift in Sources */,
				774590CD25AEFA6F00588304 /* OperationContextContainerFake.swift in Sources */,
				7728328B235AFF2700CB9BB6 /* MergeCallableSpec.swift in Sources */,
				A309CB101D997AAF00873639 /* LuhnSpec.swift in Sources */,
				0E90F77B201A09230070C526 /* HttpCallableSpec.swift in Sources */,
				B4A6012320246FB300088A0E /* CardValidatorFake.swift in Sources */,
				0EE419C42024C365008FA186 /* CardholderNameSpec.swift in Sources */,
				7718AE88259DE66F007CBF61 /* OpenURLContextHandlerSpec.swift in Sources */,
			);
			runOnlyForDeploymentPostprocessing = 0;
		};
/* End PBXSourcesBuildPhase section */

/* Begin PBXTargetDependency section */
		A371E70C1D82FC6600D05B2F /* PBXTargetDependency */ = {
			isa = PBXTargetDependency;
			target = A371E6FF1D82FC6600D05B2F /* Straal */;
			targetProxy = A371E70B1D82FC6600D05B2F /* PBXContainerItemProxy */;
		};
/* End PBXTargetDependency section */

/* Begin XCBuildConfiguration section */
		A371E7121D82FC6600D05B2F /* Debug */ = {
			isa = XCBuildConfiguration;
			buildSettings = {
				ALWAYS_SEARCH_USER_PATHS = NO;
				CLANG_ANALYZER_LOCALIZABILITY_NONLOCALIZED = YES;
				CLANG_ANALYZER_NONNULL = YES;
				CLANG_CXX_LANGUAGE_STANDARD = "gnu++0x";
				CLANG_CXX_LIBRARY = "libc++";
				CLANG_ENABLE_MODULES = YES;
				CLANG_ENABLE_OBJC_ARC = YES;
				CLANG_WARN_BLOCK_CAPTURE_AUTORELEASING = YES;
				CLANG_WARN_BOOL_CONVERSION = YES;
				CLANG_WARN_COMMA = YES;
				CLANG_WARN_CONSTANT_CONVERSION = YES;
				CLANG_WARN_DEPRECATED_OBJC_IMPLEMENTATIONS = YES;
				CLANG_WARN_DIRECT_OBJC_ISA_USAGE = YES_ERROR;
				CLANG_WARN_DOCUMENTATION_COMMENTS = YES;
				CLANG_WARN_EMPTY_BODY = YES;
				CLANG_WARN_ENUM_CONVERSION = YES;
				CLANG_WARN_INFINITE_RECURSION = YES;
				CLANG_WARN_INT_CONVERSION = YES;
				CLANG_WARN_NON_LITERAL_NULL_CONVERSION = YES;
				CLANG_WARN_OBJC_IMPLICIT_RETAIN_SELF = YES;
				CLANG_WARN_OBJC_LITERAL_CONVERSION = YES;
				CLANG_WARN_OBJC_ROOT_CLASS = YES_ERROR;
				CLANG_WARN_QUOTED_INCLUDE_IN_FRAMEWORK_HEADER = YES;
				CLANG_WARN_RANGE_LOOP_ANALYSIS = YES;
				CLANG_WARN_STRICT_PROTOTYPES = YES;
				CLANG_WARN_SUSPICIOUS_MOVE = YES;
				CLANG_WARN_SUSPICIOUS_MOVES = YES;
				CLANG_WARN_UNREACHABLE_CODE = YES;
				CLANG_WARN__DUPLICATE_METHOD_MATCH = YES;
				"CODE_SIGN_IDENTITY[sdk=iphoneos*]" = "iPhone Developer";
				COPY_PHASE_STRIP = NO;
				CURRENT_PROJECT_VERSION = 601;
				DEBUG_INFORMATION_FORMAT = dwarf;
				ENABLE_STRICT_OBJC_MSGSEND = YES;
				ENABLE_TESTABILITY = YES;
				GCC_C_LANGUAGE_STANDARD = gnu99;
				GCC_DYNAMIC_NO_PIC = NO;
				GCC_NO_COMMON_BLOCKS = YES;
				GCC_OPTIMIZATION_LEVEL = 0;
				GCC_PREPROCESSOR_DEFINITIONS = (
					"DEBUG=1",
					"$(inherited)",
				);
				GCC_WARN_64_TO_32_BIT_CONVERSION = YES;
				GCC_WARN_ABOUT_RETURN_TYPE = YES_ERROR;
				GCC_WARN_UNDECLARED_SELECTOR = YES;
				GCC_WARN_UNINITIALIZED_AUTOS = YES_AGGRESSIVE;
				GCC_WARN_UNUSED_FUNCTION = YES;
				GCC_WARN_UNUSED_VARIABLE = YES;
				IPHONEOS_DEPLOYMENT_TARGET = 13.0;
				MARKETING_VERSION = 0.6.1;
				MTL_ENABLE_DEBUG_INFO = YES;
				ONLY_ACTIVE_ARCH = YES;
				SDKROOT = iphoneos;
				SWIFT_ACTIVE_COMPILATION_CONDITIONS = DEBUG;
				SWIFT_OPTIMIZATION_LEVEL = "-Onone";
				TARGETED_DEVICE_FAMILY = "1,2";
				VERSIONING_SYSTEM = "apple-generic";
				VERSION_INFO_PREFIX = "";
			};
			name = Debug;
		};
		A371E7131D82FC6600D05B2F /* Release */ = {
			isa = XCBuildConfiguration;
			buildSettings = {
				ALWAYS_SEARCH_USER_PATHS = NO;
				CLANG_ANALYZER_LOCALIZABILITY_NONLOCALIZED = YES;
				CLANG_ANALYZER_NONNULL = YES;
				CLANG_CXX_LANGUAGE_STANDARD = "gnu++0x";
				CLANG_CXX_LIBRARY = "libc++";
				CLANG_ENABLE_MODULES = YES;
				CLANG_ENABLE_OBJC_ARC = YES;
				CLANG_WARN_BLOCK_CAPTURE_AUTORELEASING = YES;
				CLANG_WARN_BOOL_CONVERSION = YES;
				CLANG_WARN_COMMA = YES;
				CLANG_WARN_CONSTANT_CONVERSION = YES;
				CLANG_WARN_DEPRECATED_OBJC_IMPLEMENTATIONS = YES;
				CLANG_WARN_DIRECT_OBJC_ISA_USAGE = YES_ERROR;
				CLANG_WARN_DOCUMENTATION_COMMENTS = YES;
				CLANG_WARN_EMPTY_BODY = YES;
				CLANG_WARN_ENUM_CONVERSION = YES;
				CLANG_WARN_INFINITE_RECURSION = YES;
				CLANG_WARN_INT_CONVERSION = YES;
				CLANG_WARN_NON_LITERAL_NULL_CONVERSION = YES;
				CLANG_WARN_OBJC_IMPLICIT_RETAIN_SELF = YES;
				CLANG_WARN_OBJC_LITERAL_CONVERSION = YES;
				CLANG_WARN_OBJC_ROOT_CLASS = YES_ERROR;
				CLANG_WARN_QUOTED_INCLUDE_IN_FRAMEWORK_HEADER = YES;
				CLANG_WARN_RANGE_LOOP_ANALYSIS = YES;
				CLANG_WARN_STRICT_PROTOTYPES = YES;
				CLANG_WARN_SUSPICIOUS_MOVE = YES;
				CLANG_WARN_SUSPICIOUS_MOVES = YES;
				CLANG_WARN_UNREACHABLE_CODE = YES;
				CLANG_WARN__DUPLICATE_METHOD_MATCH = YES;
				"CODE_SIGN_IDENTITY[sdk=iphoneos*]" = "iPhone Developer";
				COPY_PHASE_STRIP = NO;
				CURRENT_PROJECT_VERSION = 601;
				DEBUG_INFORMATION_FORMAT = "dwarf-with-dsym";
				ENABLE_NS_ASSERTIONS = NO;
				ENABLE_STRICT_OBJC_MSGSEND = YES;
				GCC_C_LANGUAGE_STANDARD = gnu99;
				GCC_NO_COMMON_BLOCKS = YES;
				GCC_WARN_64_TO_32_BIT_CONVERSION = YES;
				GCC_WARN_ABOUT_RETURN_TYPE = YES_ERROR;
				GCC_WARN_UNDECLARED_SELECTOR = YES;
				GCC_WARN_UNINITIALIZED_AUTOS = YES_AGGRESSIVE;
				GCC_WARN_UNUSED_FUNCTION = YES;
				GCC_WARN_UNUSED_VARIABLE = YES;
				IPHONEOS_DEPLOYMENT_TARGET = 13.0;
				MARKETING_VERSION = 0.6.1;
				MTL_ENABLE_DEBUG_INFO = NO;
				SDKROOT = iphoneos;
				SWIFT_COMPILATION_MODE = wholemodule;
				SWIFT_OPTIMIZATION_LEVEL = "-O";
				TARGETED_DEVICE_FAMILY = "1,2";
				VALIDATE_PRODUCT = YES;
				VERSIONING_SYSTEM = "apple-generic";
				VERSION_INFO_PREFIX = "";
			};
			name = Release;
		};
		A371E7151D82FC6600D05B2F /* Debug */ = {
			isa = XCBuildConfiguration;
			buildSettings = {
				CLANG_ENABLE_MODULES = YES;
				CODE_SIGN_IDENTITY = "";
				DEFINES_MODULE = YES;
				DEVELOPMENT_TEAM = "";
				DYLIB_COMPATIBILITY_VERSION = 1;
				DYLIB_CURRENT_VERSION = 1;
				DYLIB_INSTALL_NAME_BASE = "@rpath";
				FRAMEWORK_SEARCH_PATHS = (
					"$(inherited)",
					"$(PROJECT_DIR)/Carthage/Build/**",
				);
				INFOPLIST_FILE = "$(SRCROOT)/Supporting Files/Info.plist";
				INSTALL_PATH = "$(LOCAL_LIBRARY_DIR)/Frameworks";
				LD_RUNPATH_SEARCH_PATHS = (
					"$(inherited)",
					"@executable_path/Frameworks",
					"@loader_path/Frameworks",
				);
				PRODUCT_BUNDLE_IDENTIFIER = com.straal.sdk;
				PRODUCT_NAME = "$(TARGET_NAME)";
				SKIP_INSTALL = YES;
				SUPPORTS_MACCATALYST = NO;
				SWIFT_OPTIMIZATION_LEVEL = "-Onone";
				SWIFT_SWIFT3_OBJC_INFERENCE = Off;
				SWIFT_VERSION = 5.0;
			};
			name = Debug;
		};
		A371E7161D82FC6600D05B2F /* Release */ = {
			isa = XCBuildConfiguration;
			buildSettings = {
				CLANG_ENABLE_MODULES = YES;
				CODE_SIGN_IDENTITY = "";
				DEFINES_MODULE = YES;
				DEVELOPMENT_TEAM = "";
				DYLIB_COMPATIBILITY_VERSION = 1;
				DYLIB_CURRENT_VERSION = 1;
				DYLIB_INSTALL_NAME_BASE = "@rpath";
				FRAMEWORK_SEARCH_PATHS = (
					"$(inherited)",
					"$(PROJECT_DIR)/Carthage/Build/**",
				);
				INFOPLIST_FILE = "$(SRCROOT)/Supporting Files/Info.plist";
				INSTALL_PATH = "$(LOCAL_LIBRARY_DIR)/Frameworks";
				LD_RUNPATH_SEARCH_PATHS = (
					"$(inherited)",
					"@executable_path/Frameworks",
					"@loader_path/Frameworks",
				);
				PRODUCT_BUNDLE_IDENTIFIER = com.straal.sdk;
				PRODUCT_NAME = "$(TARGET_NAME)";
				SKIP_INSTALL = YES;
				SUPPORTS_MACCATALYST = NO;
				SWIFT_SWIFT3_OBJC_INFERENCE = Off;
				SWIFT_VERSION = 5.0;
			};
			name = Release;
		};
		A371E7181D82FC6600D05B2F /* Debug */ = {
			isa = XCBuildConfiguration;
			buildSettings = {
				DEVELOPMENT_TEAM = "";
				FRAMEWORK_SEARCH_PATHS = (
					"$(inherited)",
					"$(PROJECT_DIR)/Carthage/Build/**",
				);
				INFOPLIST_FILE = "$(SRCROOT)/Supporting Files/Info-tests.plist";
				LD_RUNPATH_SEARCH_PATHS = (
					"$(inherited)",
					"@executable_path/Frameworks",
					"@loader_path/Frameworks",
				);
				PRODUCT_BUNDLE_IDENTIFIER = com.straal.sdk.tests;
				PRODUCT_NAME = "$(TARGET_NAME)";
				SWIFT_SWIFT3_OBJC_INFERENCE = Off;
				SWIFT_VERSION = 5.0;
				VALIDATE_WORKSPACE = NO;
			};
			name = Debug;
		};
		A371E7191D82FC6600D05B2F /* Release */ = {
			isa = XCBuildConfiguration;
			buildSettings = {
				DEVELOPMENT_TEAM = "";
				FRAMEWORK_SEARCH_PATHS = (
					"$(inherited)",
					"$(PROJECT_DIR)/Carthage/Build/**",
				);
				INFOPLIST_FILE = "$(SRCROOT)/Supporting Files/Info-tests.plist";
				LD_RUNPATH_SEARCH_PATHS = (
					"$(inherited)",
					"@executable_path/Frameworks",
					"@loader_path/Frameworks",
				);
				PRODUCT_BUNDLE_IDENTIFIER = com.straal.sdk.tests;
				PRODUCT_NAME = "$(TARGET_NAME)";
				SWIFT_SWIFT3_OBJC_INFERENCE = Off;
				SWIFT_VERSION = 5.0;
				VALIDATE_WORKSPACE = NO;
			};
			name = Release;
		};
/* End XCBuildConfiguration section */

/* Begin XCConfigurationList section */
		A371E6FA1D82FC6600D05B2F /* Build configuration list for PBXProject "Straal" */ = {
			isa = XCConfigurationList;
			buildConfigurations = (
				A371E7121D82FC6600D05B2F /* Debug */,
				A371E7131D82FC6600D05B2F /* Release */,
			);
			defaultConfigurationIsVisible = 0;
			defaultConfigurationName = Release;
		};
		A371E7141D82FC6600D05B2F /* Build configuration list for PBXNativeTarget "Straal" */ = {
			isa = XCConfigurationList;
			buildConfigurations = (
				A371E7151D82FC6600D05B2F /* Debug */,
				A371E7161D82FC6600D05B2F /* Release */,
			);
			defaultConfigurationIsVisible = 0;
			defaultConfigurationName = Release;
		};
		A371E7171D82FC6600D05B2F /* Build configuration list for PBXNativeTarget "StraalTests" */ = {
			isa = XCConfigurationList;
			buildConfigurations = (
				A371E7181D82FC6600D05B2F /* Debug */,
				A371E7191D82FC6600D05B2F /* Release */,
			);
			defaultConfigurationIsVisible = 0;
			defaultConfigurationName = Release;
		};
/* End XCConfigurationList section */

/* Begin XCRemoteSwiftPackageReference section */
		77CED51D25B07D000085B30E /* XCRemoteSwiftPackageReference "IDZSwiftCommonCrypto" */ = {
			isa = XCRemoteSwiftPackageReference;
			repositoryURL = "https://github.com/iosdevzone/IDZSwiftCommonCrypto";
			requirement = {
				kind = upToNextMajorVersion;
				minimumVersion = 0.13.1;
			};
		};
		77CED52125B07D340085B30E /* XCRemoteSwiftPackageReference "Quick" */ = {
			isa = XCRemoteSwiftPackageReference;
			repositoryURL = "https://github.com/Quick/Quick";
			requirement = {
				kind = upToNextMajorVersion;
				minimumVersion = 3.0.0;
			};
		};
		77CED52525B07D510085B30E /* XCRemoteSwiftPackageReference "Nimble" */ = {
			isa = XCRemoteSwiftPackageReference;
			repositoryURL = "https://github.com/Quick/Nimble";
			requirement = {
				kind = upToNextMajorVersion;
				minimumVersion = 9.0.0;
			};
		};
/* End XCRemoteSwiftPackageReference section */

/* Begin XCSwiftPackageProductDependency section */
		77CED51E25B07D000085B30E /* IDZSwiftCommonCrypto */ = {
			isa = XCSwiftPackageProductDependency;
			package = 77CED51D25B07D000085B30E /* XCRemoteSwiftPackageReference "IDZSwiftCommonCrypto" */;
			productName = IDZSwiftCommonCrypto;
		};
		77CED52225B07D340085B30E /* Quick */ = {
			isa = XCSwiftPackageProductDependency;
			package = 77CED52125B07D340085B30E /* XCRemoteSwiftPackageReference "Quick" */;
			productName = Quick;
		};
		77CED52625B07D510085B30E /* Nimble */ = {
			isa = XCSwiftPackageProductDependency;
			package = 77CED52525B07D510085B30E /* XCRemoteSwiftPackageReference "Nimble" */;
			productName = Nimble;
		};
/* End XCSwiftPackageProductDependency section */
	};
	rootObject = A371E6F71D82FC6600D05B2F /* Project object */;
}
